{
  "originHash" : "238d61c8e05a8555c8bc57ebef890c8cb0d539c92ccce9c59f15353992608bb3",
  "pins" : [
    {
      "identity" : "defaults",
      "kind" : "remoteSourceControl",
      "location" : "https://github.com/sindresorhus/Defaults",
      "state" : {
        "branch" : "main",
        "revision" : "38925e3cfacf3fb89a81a35b1cd44fd5a5b7e0fa"
      }
    },
    {
      "identity" : "wishkit-ios",
      "kind" : "remoteSourceControl",
      "location" : "https://github.com/wishkit/wishkit-ios.git",
      "state" : {
        "branch" : "main",
        "revision" : "dad332bcab0bba1ae61c914f5fe84a78510ae759"
      }
    },
    {
      "identity" : "wishkit-ios-shared",
      "kind" : "remoteSourceControl",
      "location" : "https://github.com/wishkit/wishkit-ios-shared.git",
      "state" : {
        "revision" : "118c9c482e4ad57c65d664283516425b98616483",
        "version" : "1.4.3"
      }
    }
  ],
  "version" : 3
}
