// !$*UTF8*$!
{
	archiveVersion = 1;
	classes = {
	};
	objectVersion = 55;
	objects = {

/* Begin PBXBuildFile section */
		4C169EBA291A97D700E2BBC1 /* Localizable.strings in Resources */ = {isa = PBXBuildFile; fileRef = 4C169EB9291A97D700E2BBC1 /* Localizable.strings */; };
		4C169EBB291A97DB00E2BBC1 /* Localizable.strings in Resources */ = {isa = PBXBuildFile; fileRef = 4C169EB9291A97D700E2BBC1 /* Localizable.strings */; };
		7A007CB72800885700985108 /* CategoryFilteredView.swift in Sources */ = {isa = PBXBuildFile; fileRef = 7A007CB62800885700985108 /* CategoryFilteredView.swift */; };
		7A1C7AE327F4BA23004EE78E /* DaysSinceItem.swift in Sources */ = {isa = PBXBuildFile; fileRef = 7A1C7AE227F4BA23004EE78E /* DaysSinceItem.swift */; };
		7A21765927FB2E3E006B106B /* EditTappedItemSheet.swift in Sources */ = {isa = PBXBuildFile; fileRef = 7A21765827FB2E3E006B106B /* EditTappedItemSheet.swift */; };
		7A21765B27FB492C006B106B /* CalendarView.swift in Sources */ = {isa = PBXBuildFile; fileRef = 7A21765A27FB492C006B106B /* CalendarView.swift */; };
		7A21765D27FB544D006B106B /* RootView.swift in Sources */ = {isa = PBXBuildFile; fileRef = 7A21765C27FB544D006B106B /* RootView.swift */; };
		7A2A76F427F2446E006F0470 /* DaysSinceApp.swift in Sources */ = {isa = PBXBuildFile; fileRef = 7A2A76F327F2446E006F0470 /* DaysSinceApp.swift */; };
		7A2A76F627F2446E006F0470 /* ContentView.swift in Sources */ = {isa = PBXBuildFile; fileRef = 7A2A76F527F2446E006F0470 /* ContentView.swift */; };
		7A2A76F827F24470006F0470 /* Assets.xcassets in Resources */ = {isa = PBXBuildFile; fileRef = 7A2A76F727F24470006F0470 /* Assets.xcassets */; };
		7A2A76FB27F24470006F0470 /* Preview Assets.xcassets in Resources */ = {isa = PBXBuildFile; fileRef = 7A2A76FA27F24470006F0470 /* Preview Assets.xcassets */; };
		7A2A770927F2592D006F0470 /* AddItemSheet.swift in Sources */ = {isa = PBXBuildFile; fileRef = 7A2A770827F2592D006F0470 /* AddItemSheet.swift */; };
		7A2A770D27F26E2B006F0470 /* Array+Extensions.swift in Sources */ = {isa = PBXBuildFile; fileRef = 7A2A770C27F26E2B006F0470 /* Array+Extensions.swift */; };
		7A65AAFE286CF5FD002D6DCA /* SettingsReviewButton.swift in Sources */ = {isa = PBXBuildFile; fileRef = 7A65AAFD286CF5FD002D6DCA /* SettingsReviewButton.swift */; };
		7A65AB00286CF818002D6DCA /* ShareButton.swift in Sources */ = {isa = PBXBuildFile; fileRef = 7A65AAFF286CF818002D6DCA /* ShareButton.swift */; };
		7A65AB02286CFC53002D6DCA /* SupportButton.swift in Sources */ = {isa = PBXBuildFile; fileRef = 7A65AB01286CFC53002D6DCA /* SupportButton.swift */; };
		7A67C6E0280061FA0095675F /* Color+Extensions.swift in Sources */ = {isa = PBXBuildFile; fileRef = 7A67C6DF280061FA0095675F /* Color+Extensions.swift */; };
		7A7CD90C287F20F70001C64F /* OnboardingScreen.swift in Sources */ = {isa = PBXBuildFile; fileRef = 7A7CD90B287F20F70001C64F /* OnboardingScreen.swift */; };
		7A7CD90F287F21890001C64F /* Introduction.swift in Sources */ = {isa = PBXBuildFile; fileRef = 7A7CD90E287F21890001C64F /* Introduction.swift */; };
		7A7CD911287F22E90001C64F /* AnimateText.swift in Sources */ = {isa = PBXBuildFile; fileRef = 7A7CD910287F22E90001C64F /* AnimateText.swift */; };
		7A7CD913287F2E760001C64F /* CreateFirstEvent.swift in Sources */ = {isa = PBXBuildFile; fileRef = 7A7CD912287F2E760001C64F /* CreateFirstEvent.swift */; };
		7A868D182890814A009C92D6 /* DetailedTimeDisplayMode.swift in Sources */ = {isa = PBXBuildFile; fileRef = 7A868D172890814A009C92D6 /* DetailedTimeDisplayMode.swift */; };
		7AAB507227FF84210086A5A8 /* EventListItemView.swift in Sources */ = {isa = PBXBuildFile; fileRef = 7AAB507127FF84210086A5A8 /* EventListItemView.swift */; };
		7AAB507727FF86CC0086A5A8 /* Defaults.swift in Sources */ = {isa = PBXBuildFile; fileRef = 7AAB507627FF86CC0086A5A8 /* Defaults.swift */; };
		7AB598372804830300A1BD3A /* CategorySelectionView.swift in Sources */ = {isa = PBXBuildFile; fileRef = 7AB598362804830300A1BD3A /* CategorySelectionView.swift */; };
		7AE2946727F4B0AF006A7E01 /* Calendar+Extensions.swift in Sources */ = {isa = PBXBuildFile; fileRef = 7AE2946627F4B0AF006A7E01 /* Calendar+Extensions.swift */; };
		7AE8E362286C921200538521 /* SettingsScreen.swift in Sources */ = {isa = PBXBuildFile; fileRef = 7AE8E361286C921200538521 /* SettingsScreen.swift */; };
		7AE8E365286C945200538521 /* AppIcons.swift in Sources */ = {isa = PBXBuildFile; fileRef = 7AE8E364286C945200538521 /* AppIcons.swift */; };
		7AE8E367286C948200538521 /* AlternativeIcon.swift in Sources */ = {isa = PBXBuildFile; fileRef = 7AE8E366286C948200538521 /* AlternativeIcon.swift */; };
		7AF56AD6286F32CD0068B467 /* Design.swift in Sources */ = {isa = PBXBuildFile; fileRef = 7AF56A9B286F32CD0068B467 /* Design.swift */; };
		7AF56AD7286F32CD0068B467 /* HooliganVideoPlayerController.swift in Sources */ = {isa = PBXBuildFile; fileRef = 7AF56A9D286F32CD0068B467 /* HooliganVideoPlayerController.swift */; };
		7AF56AD8286F32CD0068B467 /* Deeplink.swift in Sources */ = {isa = PBXBuildFile; fileRef = 7AF56A9E286F32CD0068B467 /* Deeplink.swift */; };
		7AF56AD9286F32CD0068B467 /* CHANGELOG.md in Resources */ = {isa = PBXBuildFile; fileRef = 7AF56A9F286F32CD0068B467 /* CHANGELOG.md */; };
		7AF56ADA286F32CD0068B467 /* FAQOnly.json in Resources */ = {isa = PBXBuildFile; fileRef = 7AF56AA1286F32CD0068B467 /* FAQOnly.json */; };
		7AF56ADB286F32CD0068B467 /* HighlightsOnly.json in Resources */ = {isa = PBXBuildFile; fileRef = 7AF56AA2286F32CD0068B467 /* HighlightsOnly.json */; };
		7AF56ADC286F32CD0068B467 /* fullSample.json in Resources */ = {isa = PBXBuildFile; fileRef = 7AF56AA3286F32CD0068B467 /* fullSample.json */; };
		7AF56ADD286F32CD0068B467 /* SupportItemDetailView.swift in Sources */ = {isa = PBXBuildFile; fileRef = 7AF56AA5286F32CD0068B467 /* SupportItemDetailView.swift */; };
		7AF56ADE286F32CD0068B467 /* SupportScreen.swift in Sources */ = {isa = PBXBuildFile; fileRef = 7AF56AA6286F32CD0068B467 /* SupportScreen.swift */; };
		7AF56ADF286F32CD0068B467 /* README.md in Resources */ = {isa = PBXBuildFile; fileRef = 7AF56AA7286F32CD0068B467 /* README.md */; };
		7AF56AE0286F32CD0068B467 /* HooliganColor+Extensions.swift in Sources */ = {isa = PBXBuildFile; fileRef = 7AF56AA9286F32CD0068B467 /* HooliganColor+Extensions.swift */; };
		7AF56AE1286F32CD0068B467 /* HooliganBundle+Extensions.swift in Sources */ = {isa = PBXBuildFile; fileRef = 7AF56AAA286F32CD0068B467 /* HooliganBundle+Extensions.swift */; };
		7AF56AE2286F32CD0068B467 /* BackPortedAsyncImage.swift in Sources */ = {isa = PBXBuildFile; fileRef = 7AF56AAC286F32CD0068B467 /* BackPortedAsyncImage.swift */; };
		7AF56AE3286F32CD0068B467 /* HooliganString+Extensions.swift in Sources */ = {isa = PBXBuildFile; fileRef = 7AF56AAD286F32CD0068B467 /* HooliganString+Extensions.swift */; };
		7AF56AE4286F32CD0068B467 /* SupportFetcher.swift in Sources */ = {isa = PBXBuildFile; fileRef = 7AF56AAF286F32CD0068B467 /* SupportFetcher.swift */; };
		7AF56AE5286F32CD0068B467 /* SupportItemable.swift in Sources */ = {isa = PBXBuildFile; fileRef = 7AF56AB1286F32CD0068B467 /* SupportItemable.swift */; };
		7AF56AE6286F32CD0068B467 /* HighlightedSection.swift in Sources */ = {isa = PBXBuildFile; fileRef = 7AF56AB3286F32CD0068B467 /* HighlightedSection.swift */; };
		7AF56AE7286F32CD0068B467 /* SupportReleaseNote.swift in Sources */ = {isa = PBXBuildFile; fileRef = 7AF56AB4286F32CD0068B467 /* SupportReleaseNote.swift */; };
		7AF56AE8286F32CD0068B467 /* SupportItems.swift in Sources */ = {isa = PBXBuildFile; fileRef = 7AF56AB5286F32CD0068B467 /* SupportItems.swift */; };
		7AF56AE9286F32CD0068B467 /* SupportContactItem.swift in Sources */ = {isa = PBXBuildFile; fileRef = 7AF56AB6286F32CD0068B467 /* SupportContactItem.swift */; };
		7AF56AEA286F32CD0068B467 /* FAQItem.swift in Sources */ = {isa = PBXBuildFile; fileRef = 7AF56AB7286F32CD0068B467 /* FAQItem.swift */; };
		7AF56AEB286F32CD0068B467 /* ChangelogItem.swift in Sources */ = {isa = PBXBuildFile; fileRef = 7AF56AB8286F32CD0068B467 /* ChangelogItem.swift */; };
		7AF56AEC286F32CD0068B467 /* SupportSection.swift in Sources */ = {isa = PBXBuildFile; fileRef = 7AF56AB9286F32CD0068B467 /* SupportSection.swift */; };
		7AF56AED286F32CD0068B467 /* HeaderItem.swift in Sources */ = {isa = PBXBuildFile; fileRef = 7AF56ABA286F32CD0068B467 /* HeaderItem.swift */; };
		7AF56AEE286F32CD0068B467 /* HighlightedItem.swift in Sources */ = {isa = PBXBuildFile; fileRef = 7AF56ABB286F32CD0068B467 /* HighlightedItem.swift */; };
		7AF56AEF286F32CD0068B467 /* SupportLocale.swift in Sources */ = {isa = PBXBuildFile; fileRef = 7AF56ABC286F32CD0068B467 /* SupportLocale.swift */; };
		7AF56AF0286F32CD0068B467 /* SupportItemPage.swift in Sources */ = {isa = PBXBuildFile; fileRef = 7AF56ABD286F32CD0068B467 /* SupportItemPage.swift */; };
		7AF56AF1286F32CD0068B467 /* SupportColor.swift in Sources */ = {isa = PBXBuildFile; fileRef = 7AF56ABE286F32CD0068B467 /* SupportColor.swift */; };
		7AF56AF2286F32CD0068B467 /* ContactItemView.swift in Sources */ = {isa = PBXBuildFile; fileRef = 7AF56AC1286F32CD0068B467 /* ContactItemView.swift */; };
		7AF56AF3286F32CD0068B467 /* SupportContactSection.swift in Sources */ = {isa = PBXBuildFile; fileRef = 7AF56AC2286F32CD0068B467 /* SupportContactSection.swift */; };
		7AF56AF4286F32CD0068B467 /* SupportFAQSection.swift in Sources */ = {isa = PBXBuildFile; fileRef = 7AF56AC4286F32CD0068B467 /* SupportFAQSection.swift */; };
		7AF56AF5286F32CD0068B467 /* FAQItemView.swift in Sources */ = {isa = PBXBuildFile; fileRef = 7AF56AC5286F32CD0068B467 /* FAQItemView.swift */; };
		7AF56AF6286F32CD0068B467 /* FAQDetailView.swift in Sources */ = {isa = PBXBuildFile; fileRef = 7AF56AC6286F32CD0068B467 /* FAQDetailView.swift */; };
		7AF56AF7286F32CD0068B467 /* SupportHighlightedSection.swift in Sources */ = {isa = PBXBuildFile; fileRef = 7AF56AC8286F32CD0068B467 /* SupportHighlightedSection.swift */; };
		7AF56AF8286F32CD0068B467 /* HighlightedItemView.swift in Sources */ = {isa = PBXBuildFile; fileRef = 7AF56AC9286F32CD0068B467 /* HighlightedItemView.swift */; };
		7AF56AF9286F32CD0068B467 /* SupportItemPageView.swift in Sources */ = {isa = PBXBuildFile; fileRef = 7AF56ACB286F32CD0068B467 /* SupportItemPageView.swift */; };
		7AF56AFA286F32CD0068B467 /* ReleaseNoteDetail.swift in Sources */ = {isa = PBXBuildFile; fileRef = 7AF56ACD286F32CD0068B467 /* ReleaseNoteDetail.swift */; };
		7AF56AFB286F32CD0068B467 /* ChangelogUpdateCell.swift in Sources */ = {isa = PBXBuildFile; fileRef = 7AF56ACE286F32CD0068B467 /* ChangelogUpdateCell.swift */; };
		7AF56AFC286F32CD0068B467 /* NewUpdateBanner.swift in Sources */ = {isa = PBXBuildFile; fileRef = 7AF56ACF286F32CD0068B467 /* NewUpdateBanner.swift */; };
		7AF56AFD286F32CD0068B467 /* ChangelogView.swift in Sources */ = {isa = PBXBuildFile; fileRef = 7AF56AD0286F32CD0068B467 /* ChangelogView.swift */; };
		7AF56AFE286F32CD0068B467 /* SupportHeaderView.swift in Sources */ = {isa = PBXBuildFile; fileRef = 7AF56AD2286F32CD0068B467 /* SupportHeaderView.swift */; };
		7AF56AFF286F32CD0068B467 /* SupportHeaderSection.swift in Sources */ = {isa = PBXBuildFile; fileRef = 7AF56AD3286F32CD0068B467 /* SupportHeaderSection.swift */; };
		7AF56B00286F32CD0068B467 /* Analytics.swift in Sources */ = {isa = PBXBuildFile; fileRef = 7AF56AD5286F32CD0068B467 /* Analytics.swift */; };
		C21BDC58286F355200B2FDCC /* NotificationManager.swift in Sources */ = {isa = PBXBuildFile; fileRef = C21BDC57286F355200B2FDCC /* NotificationManager.swift */; };
		C255EB67289A725100282E7B /* Widget.intentdefinition in Sources */ = {isa = PBXBuildFile; fileRef = C255EB6B289A725100282E7B /* Widget.intentdefinition */; };
		C255EB68289A725100282E7B /* Widget.intentdefinition in Sources */ = {isa = PBXBuildFile; fileRef = C255EB6B289A725100282E7B /* Widget.intentdefinition */; };
		C255EB69289A725100282E7B /* Widget.intentdefinition in Sources */ = {isa = PBXBuildFile; fileRef = C255EB6B289A725100282E7B /* Widget.intentdefinition */; };
		C2B53D752869CA1000407F40 /* CategoryDaysSinceItem.swift in Sources */ = {isa = PBXBuildFile; fileRef = C2B53D742869CA1000407F40 /* CategoryDaysSinceItem.swift */; };
		C2B53D772869CA1F00407F40 /* DSItemReminders.swift in Sources */ = {isa = PBXBuildFile; fileRef = C2B53D762869CA1F00407F40 /* DSItemReminders.swift */; };
		C2B53D7A2869CA3B00407F40 /* AddItemForm.swift in Sources */ = {isa = PBXBuildFile; fileRef = C2B53D792869CA3B00407F40 /* AddItemForm.swift */; };
		C2B53D7C2869CA5800407F40 /* CategoriesGridView.swift in Sources */ = {isa = PBXBuildFile; fileRef = C2B53D7B2869CA5800407F40 /* CategoriesGridView.swift */; };
		C2B53D7E2869CA8300407F40 /* CategoryRectangleView.swift in Sources */ = {isa = PBXBuildFile; fileRef = C2B53D7D2869CA8300407F40 /* CategoryRectangleView.swift */; };
		C2B53D812869CAC100407F40 /* MainScreen.swift in Sources */ = {isa = PBXBuildFile; fileRef = C2B53D802869CAC100407F40 /* MainScreen.swift */; };
		C2B53D912869CACA00407F40 /* MainBackgroundView.swift in Sources */ = {isa = PBXBuildFile; fileRef = C2B53D832869CACA00407F40 /* MainBackgroundView.swift */; };
		C2B53D922869CACA00407F40 /* IndividualItemView.swift in Sources */ = {isa = PBXBuildFile; fileRef = C2B53D852869CACA00407F40 /* IndividualItemView.swift */; };
		C2B53D932869CACA00407F40 /* CompletedIndividualItem.swift in Sources */ = {isa = PBXBuildFile; fileRef = C2B53D862869CACA00407F40 /* CompletedIndividualItem.swift */; };
		C2B53D942869CACA00407F40 /* CompletedItemsList.swift in Sources */ = {isa = PBXBuildFile; fileRef = C2B53D882869CACA00407F40 /* CompletedItemsList.swift */; };
		C2B53D952869CACA00407F40 /* FavoriteItemsList.swift in Sources */ = {isa = PBXBuildFile; fileRef = C2B53D892869CACA00407F40 /* FavoriteItemsList.swift */; };
		C2B53D962869CACA00407F40 /* NormalItemsList.swift in Sources */ = {isa = PBXBuildFile; fileRef = C2B53D8A2869CACA00407F40 /* NormalItemsList.swift */; };
		C2B53D972869CACA00407F40 /* BottomSection.swift in Sources */ = {isa = PBXBuildFile; fileRef = C2B53D8B2869CACA00407F40 /* BottomSection.swift */; };
		C2B53D982869CACA00407F40 /* SortingMenuView.swift in Sources */ = {isa = PBXBuildFile; fileRef = C2B53D8C2869CACA00407F40 /* SortingMenuView.swift */; };
		C2B53D992869CACA00407F40 /* TopSection.swift in Sources */ = {isa = PBXBuildFile; fileRef = C2B53D8E2869CACA00407F40 /* TopSection.swift */; };
		C2B53D9B2869CACA00407F40 /* MenuBlockView.swift in Sources */ = {isa = PBXBuildFile; fileRef = C2B53D902869CACA00407F40 /* MenuBlockView.swift */; };
		C2B53D9D2869CB0200407F40 /* Binding+Extensions.swift in Sources */ = {isa = PBXBuildFile; fileRef = C2B53D9C2869CB0200407F40 /* Binding+Extensions.swift */; };
		C2B53DA02869CD3C00407F40 /* EditTappedItemForm.swift in Sources */ = {isa = PBXBuildFile; fileRef = C2B53D9F2869CD3C00407F40 /* EditTappedItemForm.swift */; };
		C2B53DAF2869F0CE00407F40 /* WidgetKit.framework in Frameworks */ = {isa = PBXBuildFile; fileRef = C2B53DAE2869F0CE00407F40 /* WidgetKit.framework */; };
		C2B53DB12869F0CE00407F40 /* SwiftUI.framework in Frameworks */ = {isa = PBXBuildFile; fileRef = C2B53DB02869F0CE00407F40 /* SwiftUI.framework */; };
		C2B53DB42869F0CE00407F40 /* Widget.swift in Sources */ = {isa = PBXBuildFile; fileRef = C2B53DB32869F0CE00407F40 /* Widget.swift */; };
		C2B53DB72869F0CF00407F40 /* Assets.xcassets in Resources */ = {isa = PBXBuildFile; fileRef = C2B53DB62869F0CF00407F40 /* Assets.xcassets */; };
		C2B53DBD2869F0CF00407F40 /* WidgetExtension.appex in Embed App Extensions */ = {isa = PBXBuildFile; fileRef = C2B53DAC2869F0CE00407F40 /* WidgetExtension.appex */; settings = {ATTRIBUTES = (RemoveHeadersOnCopy, ); }; };
		C2B53DC22869F1AA00407F40 /* DaysSinceItem.swift in Sources */ = {isa = PBXBuildFile; fileRef = 7A1C7AE227F4BA23004EE78E /* DaysSinceItem.swift */; };
		C2B53DC32869F35600407F40 /* CategoryDaysSinceItem.swift in Sources */ = {isa = PBXBuildFile; fileRef = C2B53D742869CA1000407F40 /* CategoryDaysSinceItem.swift */; };
		C2B53DC42869F35B00407F40 /* DSItemReminders.swift in Sources */ = {isa = PBXBuildFile; fileRef = C2B53D762869CA1F00407F40 /* DSItemReminders.swift */; };
		C2B53DC52869F36100407F40 /* Calendar+Extensions.swift in Sources */ = {isa = PBXBuildFile; fileRef = 7AE2946627F4B0AF006A7E01 /* Calendar+Extensions.swift */; };
		C2B53DC62869F36A00407F40 /* Color+Extensions.swift in Sources */ = {isa = PBXBuildFile; fileRef = 7A67C6DF280061FA0095675F /* Color+Extensions.swift */; };
		C2B53DCD2869F6F200407F40 /* Intents.framework in Frameworks */ = {isa = PBXBuildFile; fileRef = C2B53DCC2869F6F200407F40 /* Intents.framework */; };
		C2B53DD02869F6F200407F40 /* IntentHandler.swift in Sources */ = {isa = PBXBuildFile; fileRef = C2B53DCF2869F6F200407F40 /* IntentHandler.swift */; };
		C2B53DD42869F6F200407F40 /* WidgetIntents.appex in Embed App Extensions */ = {isa = PBXBuildFile; fileRef = C2B53DCB2869F6F200407F40 /* WidgetIntents.appex */; settings = {ATTRIBUTES = (RemoveHeadersOnCopy, ); }; };
		C2B53DD82869F70E00407F40 /* DaysSinceItem.swift in Sources */ = {isa = PBXBuildFile; fileRef = 7A1C7AE227F4BA23004EE78E /* DaysSinceItem.swift */; };
		C2B53DD92869F71300407F40 /* CategoryDaysSinceItem.swift in Sources */ = {isa = PBXBuildFile; fileRef = C2B53D742869CA1000407F40 /* CategoryDaysSinceItem.swift */; };
		C2B53DDA2869F71D00407F40 /* Color+Extensions.swift in Sources */ = {isa = PBXBuildFile; fileRef = 7A67C6DF280061FA0095675F /* Color+Extensions.swift */; };
		C2B53DDB2869F72400407F40 /* DSItemReminders.swift in Sources */ = {isa = PBXBuildFile; fileRef = C2B53D762869CA1F00407F40 /* DSItemReminders.swift */; };
		C2B53DDC2869F72900407F40 /* Calendar+Extensions.swift in Sources */ = {isa = PBXBuildFile; fileRef = 7AE2946627F4B0AF006A7E01 /* Calendar+Extensions.swift */; };
		C2B53DDD2869F74100407F40 /* Array+Extensions.swift in Sources */ = {isa = PBXBuildFile; fileRef = 7A2A770C27F26E2B006F0470 /* Array+Extensions.swift */; };
		C2B53DDE2869F74100407F40 /* Array+Extensions.swift in Sources */ = {isa = PBXBuildFile; fileRef = 7A2A770C27F26E2B006F0470 /* Array+Extensions.swift */; };
		C2B53DE2286A080900407F40 /* Assets.xcassets in Resources */ = {isa = PBXBuildFile; fileRef = 7A2A76F727F24470006F0470 /* Assets.xcassets */; };
		C2B53DE3286A080A00407F40 /* Assets.xcassets in Resources */ = {isa = PBXBuildFile; fileRef = 7A2A76F727F24470006F0470 /* Assets.xcassets */; };
/* End PBXBuildFile section */

/* Begin PBXContainerItemProxy section */
		C2B53DBB2869F0CF00407F40 /* PBXContainerItemProxy */ = {
			isa = PBXContainerItemProxy;
			containerPortal = 7A2A76E827F2446E006F0470 /* Project object */;
			proxyType = 1;
			remoteGlobalIDString = C2B53DAB2869F0CE00407F40;
			remoteInfo = WidgetExtension;
		};
		C2B53DD22869F6F200407F40 /* PBXContainerItemProxy */ = {
			isa = PBXContainerItemProxy;
			containerPortal = 7A2A76E827F2446E006F0470 /* Project object */;
			proxyType = 1;
			remoteGlobalIDString = C2B53DCA2869F6F200407F40;
			remoteInfo = WidgetIntents;
		};
/* End PBXContainerItemProxy section */

/* Begin PBXCopyFilesBuildPhase section */
		C2B53DC12869F0CF00407F40 /* Embed App Extensions */ = {
			isa = PBXCopyFilesBuildPhase;
			buildActionMask = 2147483647;
			dstPath = "";
			dstSubfolderSpec = 13;
			files = (
				C2B53DD42869F6F200407F40 /* WidgetIntents.appex in Embed App Extensions */,
				C2B53DBD2869F0CF00407F40 /* WidgetExtension.appex in Embed App Extensions */,
			);
			name = "Embed App Extensions";
			runOnlyForDeploymentPostprocessing = 0;
		};
/* End PBXCopyFilesBuildPhase section */

/* Begin PBXFileReference section */
		4C169EB9291A97D700E2BBC1 /* Localizable.strings */ = {isa = PBXFileReference; lastKnownFileType = text.plist.strings; path = Localizable.strings; sourceTree = "<group>"; };
		7A007CB62800885700985108 /* CategoryFilteredView.swift */ = {isa = PBXFileReference; lastKnownFileType = sourcecode.swift; path = CategoryFilteredView.swift; sourceTree = "<group>"; };
		7A1C7AE227F4BA23004EE78E /* DaysSinceItem.swift */ = {isa = PBXFileReference; lastKnownFileType = sourcecode.swift; path = DaysSinceItem.swift; sourceTree = "<group>"; };
		7A21765827FB2E3E006B106B /* EditTappedItemSheet.swift */ = {isa = PBXFileReference; lastKnownFileType = sourcecode.swift; path = EditTappedItemSheet.swift; sourceTree = "<group>"; };
		7A21765A27FB492C006B106B /* CalendarView.swift */ = {isa = PBXFileReference; lastKnownFileType = sourcecode.swift; path = CalendarView.swift; sourceTree = "<group>"; };
		7A21765C27FB544D006B106B /* RootView.swift */ = {isa = PBXFileReference; lastKnownFileType = sourcecode.swift; path = RootView.swift; sourceTree = "<group>"; };
		7A2A76F027F2446E006F0470 /* DaysSince.app */ = {isa = PBXFileReference; explicitFileType = wrapper.application; includeInIndex = 0; path = DaysSince.app; sourceTree = BUILT_PRODUCTS_DIR; };
		7A2A76F327F2446E006F0470 /* DaysSinceApp.swift */ = {isa = PBXFileReference; lastKnownFileType = sourcecode.swift; path = DaysSinceApp.swift; sourceTree = "<group>"; };
		7A2A76F527F2446E006F0470 /* ContentView.swift */ = {isa = PBXFileReference; lastKnownFileType = sourcecode.swift; path = ContentView.swift; sourceTree = "<group>"; };
		7A2A76F727F24470006F0470 /* Assets.xcassets */ = {isa = PBXFileReference; lastKnownFileType = folder.assetcatalog; path = Assets.xcassets; sourceTree = "<group>"; };
		7A2A76FA27F24470006F0470 /* Preview Assets.xcassets */ = {isa = PBXFileReference; lastKnownFileType = folder.assetcatalog; path = "Preview Assets.xcassets"; sourceTree = "<group>"; };
		7A2A770827F2592D006F0470 /* AddItemSheet.swift */ = {isa = PBXFileReference; lastKnownFileType = sourcecode.swift; path = AddItemSheet.swift; sourceTree = "<group>"; };
		7A2A770C27F26E2B006F0470 /* Array+Extensions.swift */ = {isa = PBXFileReference; lastKnownFileType = sourcecode.swift; path = "Array+Extensions.swift"; sourceTree = "<group>"; };
		7A65AAFD286CF5FD002D6DCA /* SettingsReviewButton.swift */ = {isa = PBXFileReference; lastKnownFileType = sourcecode.swift; path = SettingsReviewButton.swift; sourceTree = "<group>"; };
		7A65AAFF286CF818002D6DCA /* ShareButton.swift */ = {isa = PBXFileReference; lastKnownFileType = sourcecode.swift; path = ShareButton.swift; sourceTree = "<group>"; };
		7A65AB01286CFC53002D6DCA /* SupportButton.swift */ = {isa = PBXFileReference; lastKnownFileType = sourcecode.swift; path = SupportButton.swift; sourceTree = "<group>"; };
		7A67C6DF280061FA0095675F /* Color+Extensions.swift */ = {isa = PBXFileReference; lastKnownFileType = sourcecode.swift; path = "Color+Extensions.swift"; sourceTree = "<group>"; };
		7A7CD90B287F20F70001C64F /* OnboardingScreen.swift */ = {isa = PBXFileReference; lastKnownFileType = sourcecode.swift; path = OnboardingScreen.swift; sourceTree = "<group>"; };
		7A7CD90E287F21890001C64F /* Introduction.swift */ = {isa = PBXFileReference; lastKnownFileType = sourcecode.swift; path = Introduction.swift; sourceTree = "<group>"; };
		7A7CD910287F22E90001C64F /* AnimateText.swift */ = {isa = PBXFileReference; lastKnownFileType = sourcecode.swift; path = AnimateText.swift; sourceTree = "<group>"; };
		7A7CD912287F2E760001C64F /* CreateFirstEvent.swift */ = {isa = PBXFileReference; lastKnownFileType = sourcecode.swift; path = CreateFirstEvent.swift; sourceTree = "<group>"; };
		7A868D172890814A009C92D6 /* DetailedTimeDisplayMode.swift */ = {isa = PBXFileReference; lastKnownFileType = sourcecode.swift; path = DetailedTimeDisplayMode.swift; sourceTree = "<group>"; };
		7AAB507127FF84210086A5A8 /* EventListItemView.swift */ = {isa = PBXFileReference; lastKnownFileType = sourcecode.swift; path = EventListItemView.swift; sourceTree = "<group>"; };
		7AAB507327FF860C0086A5A8 /* Defaults */ = {isa = PBXFileReference; lastKnownFileType = wrapper; name = Defaults; path = "../../../../../Library/Developer/Xcode/DerivedData/Posture_Pal-baxwxadtvwjgulhdvdslumckelkv/SourcePackages/checkouts/Defaults"; sourceTree = "<group>"; };
		7AAB507627FF86CC0086A5A8 /* Defaults.swift */ = {isa = PBXFileReference; lastKnownFileType = sourcecode.swift; path = Defaults.swift; sourceTree = "<group>"; };
		7AB598362804830300A1BD3A /* CategorySelectionView.swift */ = {isa = PBXFileReference; lastKnownFileType = sourcecode.swift; path = CategorySelectionView.swift; sourceTree = "<group>"; };
		7AE2946627F4B0AF006A7E01 /* Calendar+Extensions.swift */ = {isa = PBXFileReference; lastKnownFileType = sourcecode.swift; path = "Calendar+Extensions.swift"; sourceTree = "<group>"; };
		7AE8E361286C921200538521 /* SettingsScreen.swift */ = {isa = PBXFileReference; lastKnownFileType = sourcecode.swift; path = SettingsScreen.swift; sourceTree = "<group>"; };
		7AE8E364286C945200538521 /* AppIcons.swift */ = {isa = PBXFileReference; lastKnownFileType = sourcecode.swift; path = AppIcons.swift; sourceTree = "<group>"; };
		7AE8E366286C948200538521 /* AlternativeIcon.swift */ = {isa = PBXFileReference; lastKnownFileType = sourcecode.swift; path = AlternativeIcon.swift; sourceTree = "<group>"; };
		7AF56A9B286F32CD0068B467 /* Design.swift */ = {isa = PBXFileReference; fileEncoding = 4; lastKnownFileType = sourcecode.swift; path = Design.swift; sourceTree = "<group>"; };
		7AF56A9D286F32CD0068B467 /* HooliganVideoPlayerController.swift */ = {isa = PBXFileReference; fileEncoding = 4; lastKnownFileType = sourcecode.swift; path = HooliganVideoPlayerController.swift; sourceTree = "<group>"; };
		7AF56A9E286F32CD0068B467 /* Deeplink.swift */ = {isa = PBXFileReference; fileEncoding = 4; lastKnownFileType = sourcecode.swift; path = Deeplink.swift; sourceTree = "<group>"; };
		7AF56A9F286F32CD0068B467 /* CHANGELOG.md */ = {isa = PBXFileReference; fileEncoding = 4; lastKnownFileType = net.daringfireball.markdown; path = CHANGELOG.md; sourceTree = "<group>"; };
		7AF56AA1286F32CD0068B467 /* FAQOnly.json */ = {isa = PBXFileReference; fileEncoding = 4; lastKnownFileType = text.json; path = FAQOnly.json; sourceTree = "<group>"; };
		7AF56AA2286F32CD0068B467 /* HighlightsOnly.json */ = {isa = PBXFileReference; fileEncoding = 4; lastKnownFileType = text.json; path = HighlightsOnly.json; sourceTree = "<group>"; };
		7AF56AA3286F32CD0068B467 /* fullSample.json */ = {isa = PBXFileReference; fileEncoding = 4; lastKnownFileType = text.json; path = fullSample.json; sourceTree = "<group>"; };
		7AF56AA5286F32CD0068B467 /* SupportItemDetailView.swift */ = {isa = PBXFileReference; fileEncoding = 4; lastKnownFileType = sourcecode.swift; path = SupportItemDetailView.swift; sourceTree = "<group>"; };
		7AF56AA6286F32CD0068B467 /* SupportScreen.swift */ = {isa = PBXFileReference; fileEncoding = 4; lastKnownFileType = sourcecode.swift; path = SupportScreen.swift; sourceTree = "<group>"; };
		7AF56AA7286F32CD0068B467 /* README.md */ = {isa = PBXFileReference; fileEncoding = 4; lastKnownFileType = net.daringfireball.markdown; path = README.md; sourceTree = "<group>"; };
		7AF56AA9286F32CD0068B467 /* HooliganColor+Extensions.swift */ = {isa = PBXFileReference; fileEncoding = 4; lastKnownFileType = sourcecode.swift; path = "HooliganColor+Extensions.swift"; sourceTree = "<group>"; };
		7AF56AAA286F32CD0068B467 /* HooliganBundle+Extensions.swift */ = {isa = PBXFileReference; fileEncoding = 4; lastKnownFileType = sourcecode.swift; path = "HooliganBundle+Extensions.swift"; sourceTree = "<group>"; };
		7AF56AAC286F32CD0068B467 /* BackPortedAsyncImage.swift */ = {isa = PBXFileReference; fileEncoding = 4; lastKnownFileType = sourcecode.swift; path = BackPortedAsyncImage.swift; sourceTree = "<group>"; };
		7AF56AAD286F32CD0068B467 /* HooliganString+Extensions.swift */ = {isa = PBXFileReference; fileEncoding = 4; lastKnownFileType = sourcecode.swift; path = "HooliganString+Extensions.swift"; sourceTree = "<group>"; };
		7AF56AAF286F32CD0068B467 /* SupportFetcher.swift */ = {isa = PBXFileReference; fileEncoding = 4; lastKnownFileType = sourcecode.swift; path = SupportFetcher.swift; sourceTree = "<group>"; };
		7AF56AB1286F32CD0068B467 /* SupportItemable.swift */ = {isa = PBXFileReference; fileEncoding = 4; lastKnownFileType = sourcecode.swift; path = SupportItemable.swift; sourceTree = "<group>"; };
		7AF56AB3286F32CD0068B467 /* HighlightedSection.swift */ = {isa = PBXFileReference; fileEncoding = 4; lastKnownFileType = sourcecode.swift; path = HighlightedSection.swift; sourceTree = "<group>"; };
		7AF56AB4286F32CD0068B467 /* SupportReleaseNote.swift */ = {isa = PBXFileReference; fileEncoding = 4; lastKnownFileType = sourcecode.swift; path = SupportReleaseNote.swift; sourceTree = "<group>"; };
		7AF56AB5286F32CD0068B467 /* SupportItems.swift */ = {isa = PBXFileReference; fileEncoding = 4; lastKnownFileType = sourcecode.swift; path = SupportItems.swift; sourceTree = "<group>"; };
		7AF56AB6286F32CD0068B467 /* SupportContactItem.swift */ = {isa = PBXFileReference; fileEncoding = 4; lastKnownFileType = sourcecode.swift; path = SupportContactItem.swift; sourceTree = "<group>"; };
		7AF56AB7286F32CD0068B467 /* FAQItem.swift */ = {isa = PBXFileReference; fileEncoding = 4; lastKnownFileType = sourcecode.swift; path = FAQItem.swift; sourceTree = "<group>"; };
		7AF56AB8286F32CD0068B467 /* ChangelogItem.swift */ = {isa = PBXFileReference; fileEncoding = 4; lastKnownFileType = sourcecode.swift; path = ChangelogItem.swift; sourceTree = "<group>"; };
		7AF56AB9286F32CD0068B467 /* SupportSection.swift */ = {isa = PBXFileReference; fileEncoding = 4; lastKnownFileType = sourcecode.swift; path = SupportSection.swift; sourceTree = "<group>"; };
		7AF56ABA286F32CD0068B467 /* HeaderItem.swift */ = {isa = PBXFileReference; fileEncoding = 4; lastKnownFileType = sourcecode.swift; path = HeaderItem.swift; sourceTree = "<group>"; };
		7AF56ABB286F32CD0068B467 /* HighlightedItem.swift */ = {isa = PBXFileReference; fileEncoding = 4; lastKnownFileType = sourcecode.swift; path = HighlightedItem.swift; sourceTree = "<group>"; };
		7AF56ABC286F32CD0068B467 /* SupportLocale.swift */ = {isa = PBXFileReference; fileEncoding = 4; lastKnownFileType = sourcecode.swift; path = SupportLocale.swift; sourceTree = "<group>"; };
		7AF56ABD286F32CD0068B467 /* SupportItemPage.swift */ = {isa = PBXFileReference; fileEncoding = 4; lastKnownFileType = sourcecode.swift; path = SupportItemPage.swift; sourceTree = "<group>"; };
		7AF56ABE286F32CD0068B467 /* SupportColor.swift */ = {isa = PBXFileReference; fileEncoding = 4; lastKnownFileType = sourcecode.swift; path = SupportColor.swift; sourceTree = "<group>"; };
		7AF56AC1286F32CD0068B467 /* ContactItemView.swift */ = {isa = PBXFileReference; fileEncoding = 4; lastKnownFileType = sourcecode.swift; path = ContactItemView.swift; sourceTree = "<group>"; };
		7AF56AC2286F32CD0068B467 /* SupportContactSection.swift */ = {isa = PBXFileReference; fileEncoding = 4; lastKnownFileType = sourcecode.swift; path = SupportContactSection.swift; sourceTree = "<group>"; };
		7AF56AC4286F32CD0068B467 /* SupportFAQSection.swift */ = {isa = PBXFileReference; fileEncoding = 4; lastKnownFileType = sourcecode.swift; path = SupportFAQSection.swift; sourceTree = "<group>"; };
		7AF56AC5286F32CD0068B467 /* FAQItemView.swift */ = {isa = PBXFileReference; fileEncoding = 4; lastKnownFileType = sourcecode.swift; path = FAQItemView.swift; sourceTree = "<group>"; };
		7AF56AC6286F32CD0068B467 /* FAQDetailView.swift */ = {isa = PBXFileReference; fileEncoding = 4; lastKnownFileType = sourcecode.swift; path = FAQDetailView.swift; sourceTree = "<group>"; };
		7AF56AC8286F32CD0068B467 /* SupportHighlightedSection.swift */ = {isa = PBXFileReference; fileEncoding = 4; lastKnownFileType = sourcecode.swift; path = SupportHighlightedSection.swift; sourceTree = "<group>"; };
		7AF56AC9286F32CD0068B467 /* HighlightedItemView.swift */ = {isa = PBXFileReference; fileEncoding = 4; lastKnownFileType = sourcecode.swift; path = HighlightedItemView.swift; sourceTree = "<group>"; };
		7AF56ACB286F32CD0068B467 /* SupportItemPageView.swift */ = {isa = PBXFileReference; fileEncoding = 4; lastKnownFileType = sourcecode.swift; path = SupportItemPageView.swift; sourceTree = "<group>"; };
		7AF56ACD286F32CD0068B467 /* ReleaseNoteDetail.swift */ = {isa = PBXFileReference; fileEncoding = 4; lastKnownFileType = sourcecode.swift; path = ReleaseNoteDetail.swift; sourceTree = "<group>"; };
		7AF56ACE286F32CD0068B467 /* ChangelogUpdateCell.swift */ = {isa = PBXFileReference; fileEncoding = 4; lastKnownFileType = sourcecode.swift; path = ChangelogUpdateCell.swift; sourceTree = "<group>"; };
		7AF56ACF286F32CD0068B467 /* NewUpdateBanner.swift */ = {isa = PBXFileReference; fileEncoding = 4; lastKnownFileType = sourcecode.swift; path = NewUpdateBanner.swift; sourceTree = "<group>"; };
		7AF56AD0286F32CD0068B467 /* ChangelogView.swift */ = {isa = PBXFileReference; fileEncoding = 4; lastKnownFileType = sourcecode.swift; path = ChangelogView.swift; sourceTree = "<group>"; };
		7AF56AD2286F32CD0068B467 /* SupportHeaderView.swift */ = {isa = PBXFileReference; fileEncoding = 4; lastKnownFileType = sourcecode.swift; path = SupportHeaderView.swift; sourceTree = "<group>"; };
		7AF56AD3286F32CD0068B467 /* SupportHeaderSection.swift */ = {isa = PBXFileReference; fileEncoding = 4; lastKnownFileType = sourcecode.swift; path = SupportHeaderSection.swift; sourceTree = "<group>"; };
		7AF56AD5286F32CD0068B467 /* Analytics.swift */ = {isa = PBXFileReference; fileEncoding = 4; lastKnownFileType = sourcecode.swift; path = Analytics.swift; sourceTree = "<group>"; };
		C21BDC57286F355200B2FDCC /* NotificationManager.swift */ = {isa = PBXFileReference; lastKnownFileType = sourcecode.swift; path = NotificationManager.swift; sourceTree = "<group>"; };
		C255EB6A289A725100282E7B /* Base */ = {isa = PBXFileReference; lastKnownFileType = file.intentdefinition; name = Base; path = Base.lproj/Widget.intentdefinition; sourceTree = "<group>"; };
		C255EB6D289A725300282E7B /* en */ = {isa = PBXFileReference; lastKnownFileType = text.plist.strings; name = en; path = en.lproj/Widget.strings; sourceTree = "<group>"; };
		C2B53D742869CA1000407F40 /* CategoryDaysSinceItem.swift */ = {isa = PBXFileReference; fileEncoding = 4; lastKnownFileType = sourcecode.swift; name = CategoryDaysSinceItem.swift; path = DaysSince/DaysSince/Model/CategoryDaysSinceItem.swift; sourceTree = SOURCE_ROOT; };
		C2B53D762869CA1F00407F40 /* DSItemReminders.swift */ = {isa = PBXFileReference; fileEncoding = 4; lastKnownFileType = sourcecode.swift; name = DSItemReminders.swift; path = DaysSince/DaysSince/Model/DSItemReminders.swift; sourceTree = SOURCE_ROOT; };
		C2B53D792869CA3B00407F40 /* AddItemForm.swift */ = {isa = PBXFileReference; fileEncoding = 4; lastKnownFileType = sourcecode.swift; name = AddItemForm.swift; path = DaysSince/DaysSince/AddNewItem/AddItemForm.swift; sourceTree = SOURCE_ROOT; };
		C2B53D7B2869CA5800407F40 /* CategoriesGridView.swift */ = {isa = PBXFileReference; fileEncoding = 4; lastKnownFileType = sourcecode.swift; name = CategoriesGridView.swift; path = "DaysSince/Category Blocks/CategoriesGridView.swift"; sourceTree = "<group>"; };
		C2B53D7D2869CA8300407F40 /* CategoryRectangleView.swift */ = {isa = PBXFileReference; fileEncoding = 4; lastKnownFileType = sourcecode.swift; name = CategoryRectangleView.swift; path = "DaysSince/Category Blocks/CategoryRectangleView.swift"; sourceTree = "<group>"; };
		C2B53D802869CAC100407F40 /* MainScreen.swift */ = {isa = PBXFileReference; fileEncoding = 4; lastKnownFileType = sourcecode.swift; name = MainScreen.swift; path = DaysSince/DaysSince/MainScreen/MainScreen.swift; sourceTree = SOURCE_ROOT; };
		C2B53D832869CACA00407F40 /* MainBackgroundView.swift */ = {isa = PBXFileReference; fileEncoding = 4; lastKnownFileType = sourcecode.swift; path = MainBackgroundView.swift; sourceTree = "<group>"; };
		C2B53D852869CACA00407F40 /* IndividualItemView.swift */ = {isa = PBXFileReference; fileEncoding = 4; lastKnownFileType = sourcecode.swift; path = IndividualItemView.swift; sourceTree = "<group>"; };
		C2B53D862869CACA00407F40 /* CompletedIndividualItem.swift */ = {isa = PBXFileReference; fileEncoding = 4; lastKnownFileType = sourcecode.swift; path = CompletedIndividualItem.swift; sourceTree = "<group>"; };
		C2B53D882869CACA00407F40 /* CompletedItemsList.swift */ = {isa = PBXFileReference; fileEncoding = 4; lastKnownFileType = sourcecode.swift; path = CompletedItemsList.swift; sourceTree = "<group>"; };
		C2B53D892869CACA00407F40 /* FavoriteItemsList.swift */ = {isa = PBXFileReference; fileEncoding = 4; lastKnownFileType = sourcecode.swift; path = FavoriteItemsList.swift; sourceTree = "<group>"; };
		C2B53D8A2869CACA00407F40 /* NormalItemsList.swift */ = {isa = PBXFileReference; fileEncoding = 4; lastKnownFileType = sourcecode.swift; path = NormalItemsList.swift; sourceTree = "<group>"; };
		C2B53D8B2869CACA00407F40 /* BottomSection.swift */ = {isa = PBXFileReference; fileEncoding = 4; lastKnownFileType = sourcecode.swift; path = BottomSection.swift; sourceTree = "<group>"; };
		C2B53D8C2869CACA00407F40 /* SortingMenuView.swift */ = {isa = PBXFileReference; fileEncoding = 4; lastKnownFileType = sourcecode.swift; path = SortingMenuView.swift; sourceTree = "<group>"; };
		C2B53D8E2869CACA00407F40 /* TopSection.swift */ = {isa = PBXFileReference; fileEncoding = 4; lastKnownFileType = sourcecode.swift; path = TopSection.swift; sourceTree = "<group>"; };
		C2B53D902869CACA00407F40 /* MenuBlockView.swift */ = {isa = PBXFileReference; fileEncoding = 4; lastKnownFileType = sourcecode.swift; path = MenuBlockView.swift; sourceTree = "<group>"; };
		C2B53D9C2869CB0200407F40 /* Binding+Extensions.swift */ = {isa = PBXFileReference; fileEncoding = 4; lastKnownFileType = sourcecode.swift; name = "Binding+Extensions.swift"; path = "DaysSince/DaysSince/Extensions/Binding+Extensions.swift"; sourceTree = SOURCE_ROOT; };
		C2B53D9F2869CD3C00407F40 /* EditTappedItemForm.swift */ = {isa = PBXFileReference; fileEncoding = 4; lastKnownFileType = sourcecode.swift; name = EditTappedItemForm.swift; path = DaysSince/DaysSince/EditExistingItem/EditTappedItemForm.swift; sourceTree = SOURCE_ROOT; };
		C2B53DA32869EF8100407F40 /* Info.plist */ = {isa = PBXFileReference; lastKnownFileType = text.plist; path = Info.plist; sourceTree = "<group>"; };
		C2B53DA42869EFF600407F40 /* DaysSince.entitlements */ = {isa = PBXFileReference; lastKnownFileType = text.plist.entitlements; path = DaysSince.entitlements; sourceTree = "<group>"; };
		C2B53DAC2869F0CE00407F40 /* WidgetExtension.appex */ = {isa = PBXFileReference; explicitFileType = "wrapper.app-extension"; includeInIndex = 0; path = WidgetExtension.appex; sourceTree = BUILT_PRODUCTS_DIR; };
		C2B53DAE2869F0CE00407F40 /* WidgetKit.framework */ = {isa = PBXFileReference; lastKnownFileType = wrapper.framework; name = WidgetKit.framework; path = System/Library/Frameworks/WidgetKit.framework; sourceTree = SDKROOT; };
		C2B53DB02869F0CE00407F40 /* SwiftUI.framework */ = {isa = PBXFileReference; lastKnownFileType = wrapper.framework; name = SwiftUI.framework; path = System/Library/Frameworks/SwiftUI.framework; sourceTree = SDKROOT; };
		C2B53DB32869F0CE00407F40 /* Widget.swift */ = {isa = PBXFileReference; lastKnownFileType = sourcecode.swift; path = Widget.swift; sourceTree = "<group>"; };
		C2B53DB62869F0CF00407F40 /* Assets.xcassets */ = {isa = PBXFileReference; lastKnownFileType = folder.assetcatalog; path = Assets.xcassets; sourceTree = "<group>"; };
		C2B53DB82869F0CF00407F40 /* Info.plist */ = {isa = PBXFileReference; lastKnownFileType = text.plist.xml; path = Info.plist; sourceTree = "<group>"; };
		C2B53DCB2869F6F200407F40 /* WidgetIntents.appex */ = {isa = PBXFileReference; explicitFileType = "wrapper.app-extension"; includeInIndex = 0; path = WidgetIntents.appex; sourceTree = BUILT_PRODUCTS_DIR; };
		C2B53DCC2869F6F200407F40 /* Intents.framework */ = {isa = PBXFileReference; lastKnownFileType = wrapper.framework; name = Intents.framework; path = System/Library/Frameworks/Intents.framework; sourceTree = SDKROOT; };
		C2B53DCF2869F6F200407F40 /* IntentHandler.swift */ = {isa = PBXFileReference; lastKnownFileType = sourcecode.swift; path = IntentHandler.swift; sourceTree = "<group>"; };
		C2B53DD12869F6F200407F40 /* Info.plist */ = {isa = PBXFileReference; lastKnownFileType = text.plist.xml; path = Info.plist; sourceTree = "<group>"; };
		C2B53DE02869FCF700407F40 /* WidgetIntents.entitlements */ = {isa = PBXFileReference; lastKnownFileType = text.plist.entitlements; path = WidgetIntents.entitlements; sourceTree = "<group>"; };
		C2B53DE1286A002000407F40 /* WidgetExtension.entitlements */ = {isa = PBXFileReference; lastKnownFileType = text.plist.entitlements; path = WidgetExtension.entitlements; sourceTree = "<group>"; };
/* End PBXFileReference section */

/* Begin PBXFrameworksBuildPhase section */
		7A2A76ED27F2446E006F0470 /* Frameworks */ = {
			isa = PBXFrameworksBuildPhase;
			buildActionMask = 2147483647;
			files = (
			);
			runOnlyForDeploymentPostprocessing = 0;
		};
		C2B53DA92869F0CE00407F40 /* Frameworks */ = {
			isa = PBXFrameworksBuildPhase;
			buildActionMask = 2147483647;
			files = (
				C2B53DB12869F0CE00407F40 /* SwiftUI.framework in Frameworks */,
				C2B53DAF2869F0CE00407F40 /* WidgetKit.framework in Frameworks */,
			);
			runOnlyForDeploymentPostprocessing = 0;
		};
		C2B53DC82869F6F200407F40 /* Frameworks */ = {
			isa = PBXFrameworksBuildPhase;
			buildActionMask = 2147483647;
			files = (
				C2B53DCD2869F6F200407F40 /* Intents.framework in Frameworks */,
			);
			runOnlyForDeploymentPostprocessing = 0;
		};
/* End PBXFrameworksBuildPhase section */

/* Begin PBXGroup section */
		7A28F5702804354900582B82 /* Calendar */ = {
			isa = PBXGroup;
			children = (
				7A21765C27FB544D006B106B /* RootView.swift */,
				7A21765A27FB492C006B106B /* CalendarView.swift */,
			);
			path = Calendar;
			sourceTree = "<group>";
		};
		7A2A76E727F2446E006F0470 = {
			isa = PBXGroup;
			children = (
				C2B53DE1286A002000407F40 /* WidgetExtension.entitlements */,
				7A2A76F227F2446E006F0470 /* DaysSince */,
				C2B53DB22869F0CE00407F40 /* Widget */,
				C2B53DCE2869F6F200407F40 /* WidgetIntents */,
				C2B53DAD2869F0CE00407F40 /* Frameworks */,
				7A2A76F127F2446E006F0470 /* Products */,
			);
			sourceTree = "<group>";
		};
		7A2A76F127F2446E006F0470 /* Products */ = {
			isa = PBXGroup;
			children = (
				7A2A76F027F2446E006F0470 /* DaysSince.app */,
				C2B53DAC2869F0CE00407F40 /* WidgetExtension.appex */,
				C2B53DCB2869F6F200407F40 /* WidgetIntents.appex */,
			);
			name = Products;
			sourceTree = "<group>";
		};
		7A2A76F227F2446E006F0470 /* DaysSince */ = {
			isa = PBXGroup;
			children = (
				C2B53DA42869EFF600407F40 /* DaysSince.entitlements */,
				C2B53DA32869EF8100407F40 /* Info.plist */,
				7A2A770B27F26E14006F0470 /* Extensions */,
				7A2A770127F25156006F0470 /* Model */,
				7A2A76F327F2446E006F0470 /* DaysSinceApp.swift */,
				7A2A76F527F2446E006F0470 /* ContentView.swift */,
				C21BDC57286F355200B2FDCC /* NotificationManager.swift */,
				7AAB507027FF83CC0086A5A8 /* Screens */,
				7A2A76F727F24470006F0470 /* Assets.xcassets */,
				7A2A76F927F24470006F0470 /* Preview Content */,
				4C169EB9291A97D700E2BBC1 /* Localizable.strings */,
			);
			path = DaysSince;
			sourceTree = "<group>";
		};
		7A2A76F927F24470006F0470 /* Preview Content */ = {
			isa = PBXGroup;
			children = (
				7AAB507327FF860C0086A5A8 /* Defaults */,
				7A2A76FA27F24470006F0470 /* Preview Assets.xcassets */,
			);
			path = "Preview Content";
			sourceTree = "<group>";
		};
		7A2A770127F25156006F0470 /* Model */ = {
			isa = PBXGroup;
			children = (
				7A1C7AE227F4BA23004EE78E /* DaysSinceItem.swift */,
				C2B53D762869CA1F00407F40 /* DSItemReminders.swift */,
				C2B53D742869CA1000407F40 /* CategoryDaysSinceItem.swift */,
				7AAB507627FF86CC0086A5A8 /* Defaults.swift */,
				7AE8E366286C948200538521 /* AlternativeIcon.swift */,
			);
			path = Model;
			sourceTree = "<group>";
		};
		7A2A770B27F26E14006F0470 /* Extensions */ = {
			isa = PBXGroup;
			children = (
				7A2A770C27F26E2B006F0470 /* Array+Extensions.swift */,
				C2B53D9C2869CB0200407F40 /* Binding+Extensions.swift */,
				7AE2946627F4B0AF006A7E01 /* Calendar+Extensions.swift */,
				7A67C6DF280061FA0095675F /* Color+Extensions.swift */,
			);
			path = Extensions;
			sourceTree = "<group>";
		};
		7A7CD90A287F20E20001C64F /* Onboarding */ = {
			isa = PBXGroup;
			children = (
				7A7CD90B287F20F70001C64F /* OnboardingScreen.swift */,
				7A7CD90D287F21750001C64F /* Pages */,
			);
			path = Onboarding;
			sourceTree = "<group>";
		};
		7A7CD90D287F21750001C64F /* Pages */ = {
			isa = PBXGroup;
			children = (
				7A7CD90E287F21890001C64F /* Introduction.swift */,
				7A7CD910287F22E90001C64F /* AnimateText.swift */,
				7A7CD912287F2E760001C64F /* CreateFirstEvent.swift */,
			);
			path = Pages;
			sourceTree = "<group>";
		};
		7AAB507027FF83CC0086A5A8 /* Screens */ = {
			isa = PBXGroup;
			children = (
				7A7CD90A287F20E20001C64F /* Onboarding */,
				7AF56A99286F32CD0068B467 /* Supporter */,
				7AE8E363286C944500538521 /* AppIcons */,
				7AE8E360286C91EB00538521 /* Settings */,
				7A28F5702804354900582B82 /* Calendar */,
				7AB598362804830300A1BD3A /* CategorySelectionView.swift */,
				C2B53D782869CA2900407F40 /* Add Item */,
				C2B53D7F2869CAB700407F40 /* Main */,
				C2B53D7B2869CA5800407F40 /* CategoriesGridView.swift */,
				C2B53D7D2869CA8300407F40 /* CategoryRectangleView.swift */,
				7A007CB62800885700985108 /* CategoryFilteredView.swift */,
				C2B53D9E2869CD3000407F40 /* Edit */,
			);
			name = Screens;
			sourceTree = "<group>";
		};
		7AE8E360286C91EB00538521 /* Settings */ = {
			isa = PBXGroup;
			children = (
				7AE8E361286C921200538521 /* SettingsScreen.swift */,
				7A65AAFD286CF5FD002D6DCA /* SettingsReviewButton.swift */,
				7A65AAFF286CF818002D6DCA /* ShareButton.swift */,
				7A65AB01286CFC53002D6DCA /* SupportButton.swift */,
				7A868D172890814A009C92D6 /* DetailedTimeDisplayMode.swift */,
			);
			path = Settings;
			sourceTree = "<group>";
		};
		7AE8E363286C944500538521 /* AppIcons */ = {
			isa = PBXGroup;
			children = (
				7AE8E364286C945200538521 /* AppIcons.swift */,
			);
			path = AppIcons;
			sourceTree = "<group>";
		};
		7AF56A99286F32CD0068B467 /* Supporter */ = {
			isa = PBXGroup;
			children = (
				7AF56A9A286F32CD0068B467 /* Design */,
				7AF56A9C286F32CD0068B467 /* Video */,
				7AF56A9E286F32CD0068B467 /* Deeplink.swift */,
				7AF56A9F286F32CD0068B467 /* CHANGELOG.md */,
				7AF56AA0286F32CD0068B467 /* Sample JSON */,
				7AF56AA4286F32CD0068B467 /* Screens */,
				7AF56AA7286F32CD0068B467 /* README.md */,
				7AF56AA8286F32CD0068B467 /* Utilities */,
				7AF56AAE286F32CD0068B467 /* Manager */,
				7AF56AB0286F32CD0068B467 /* Model */,
				7AF56ABF286F32CD0068B467 /* Views */,
				7AF56AD4286F32CD0068B467 /* Analytics */,
			);
			path = Supporter;
			sourceTree = "<group>";
		};
		7AF56A9A286F32CD0068B467 /* Design */ = {
			isa = PBXGroup;
			children = (
				7AF56A9B286F32CD0068B467 /* Design.swift */,
			);
			path = Design;
			sourceTree = "<group>";
		};
		7AF56A9C286F32CD0068B467 /* Video */ = {
			isa = PBXGroup;
			children = (
				7AF56A9D286F32CD0068B467 /* HooliganVideoPlayerController.swift */,
			);
			path = Video;
			sourceTree = "<group>";
		};
		7AF56AA0286F32CD0068B467 /* Sample JSON */ = {
			isa = PBXGroup;
			children = (
				7AF56AA1286F32CD0068B467 /* FAQOnly.json */,
				7AF56AA2286F32CD0068B467 /* HighlightsOnly.json */,
				7AF56AA3286F32CD0068B467 /* fullSample.json */,
			);
			path = "Sample JSON";
			sourceTree = "<group>";
		};
		7AF56AA4286F32CD0068B467 /* Screens */ = {
			isa = PBXGroup;
			children = (
				7AF56AA5286F32CD0068B467 /* SupportItemDetailView.swift */,
				7AF56AA6286F32CD0068B467 /* SupportScreen.swift */,
			);
			path = Screens;
			sourceTree = "<group>";
		};
		7AF56AA8286F32CD0068B467 /* Utilities */ = {
			isa = PBXGroup;
			children = (
				7AF56AA9286F32CD0068B467 /* HooliganColor+Extensions.swift */,
				7AF56AAA286F32CD0068B467 /* HooliganBundle+Extensions.swift */,
				7AF56AAB286F32CD0068B467 /* AsyncImage */,
				7AF56AAD286F32CD0068B467 /* HooliganString+Extensions.swift */,
			);
			path = Utilities;
			sourceTree = "<group>";
		};
		7AF56AAB286F32CD0068B467 /* AsyncImage */ = {
			isa = PBXGroup;
			children = (
				7AF56AAC286F32CD0068B467 /* BackPortedAsyncImage.swift */,
			);
			path = AsyncImage;
			sourceTree = "<group>";
		};
		7AF56AAE286F32CD0068B467 /* Manager */ = {
			isa = PBXGroup;
			children = (
				7AF56AAF286F32CD0068B467 /* SupportFetcher.swift */,
			);
			path = Manager;
			sourceTree = "<group>";
		};
		7AF56AB0286F32CD0068B467 /* Model */ = {
			isa = PBXGroup;
			children = (
				7AF56AB1286F32CD0068B467 /* SupportItemable.swift */,
				7AF56AB2286F32CD0068B467 /* SupportTypes */,
				7AF56ABC286F32CD0068B467 /* SupportLocale.swift */,
				7AF56ABD286F32CD0068B467 /* SupportItemPage.swift */,
				7AF56ABE286F32CD0068B467 /* SupportColor.swift */,
			);
			path = Model;
			sourceTree = "<group>";
		};
		7AF56AB2286F32CD0068B467 /* SupportTypes */ = {
			isa = PBXGroup;
			children = (
				7AF56AB3286F32CD0068B467 /* HighlightedSection.swift */,
				7AF56AB4286F32CD0068B467 /* SupportReleaseNote.swift */,
				7AF56AB5286F32CD0068B467 /* SupportItems.swift */,
				7AF56AB6286F32CD0068B467 /* SupportContactItem.swift */,
				7AF56AB7286F32CD0068B467 /* FAQItem.swift */,
				7AF56AB8286F32CD0068B467 /* ChangelogItem.swift */,
				7AF56AB9286F32CD0068B467 /* SupportSection.swift */,
				7AF56ABA286F32CD0068B467 /* HeaderItem.swift */,
				7AF56ABB286F32CD0068B467 /* HighlightedItem.swift */,
			);
			path = SupportTypes;
			sourceTree = "<group>";
		};
		7AF56ABF286F32CD0068B467 /* Views */ = {
			isa = PBXGroup;
			children = (
				7AF56AC0286F32CD0068B467 /* Contact */,
				7AF56AC3286F32CD0068B467 /* FAQ */,
				7AF56AC7286F32CD0068B467 /* Highlighted */,
				7AF56ACA286F32CD0068B467 /* Detail */,
				7AF56ACC286F32CD0068B467 /* ReleaseNotes */,
				7AF56AD1286F32CD0068B467 /* Header */,
			);
			path = Views;
			sourceTree = "<group>";
		};
		7AF56AC0286F32CD0068B467 /* Contact */ = {
			isa = PBXGroup;
			children = (
				7AF56AC1286F32CD0068B467 /* ContactItemView.swift */,
				7AF56AC2286F32CD0068B467 /* SupportContactSection.swift */,
			);
			path = Contact;
			sourceTree = "<group>";
		};
		7AF56AC3286F32CD0068B467 /* FAQ */ = {
			isa = PBXGroup;
			children = (
				7AF56AC4286F32CD0068B467 /* SupportFAQSection.swift */,
				7AF56AC5286F32CD0068B467 /* FAQItemView.swift */,
				7AF56AC6286F32CD0068B467 /* FAQDetailView.swift */,
			);
			path = FAQ;
			sourceTree = "<group>";
		};
		7AF56AC7286F32CD0068B467 /* Highlighted */ = {
			isa = PBXGroup;
			children = (
				7AF56AC8286F32CD0068B467 /* SupportHighlightedSection.swift */,
				7AF56AC9286F32CD0068B467 /* HighlightedItemView.swift */,
			);
			path = Highlighted;
			sourceTree = "<group>";
		};
		7AF56ACA286F32CD0068B467 /* Detail */ = {
			isa = PBXGroup;
			children = (
				7AF56ACB286F32CD0068B467 /* SupportItemPageView.swift */,
			);
			path = Detail;
			sourceTree = "<group>";
		};
		7AF56ACC286F32CD0068B467 /* ReleaseNotes */ = {
			isa = PBXGroup;
			children = (
				7AF56ACD286F32CD0068B467 /* ReleaseNoteDetail.swift */,
				7AF56ACE286F32CD0068B467 /* ChangelogUpdateCell.swift */,
				7AF56ACF286F32CD0068B467 /* NewUpdateBanner.swift */,
				7AF56AD0286F32CD0068B467 /* ChangelogView.swift */,
			);
			path = ReleaseNotes;
			sourceTree = "<group>";
		};
		7AF56AD1286F32CD0068B467 /* Header */ = {
			isa = PBXGroup;
			children = (
				7AF56AD2286F32CD0068B467 /* SupportHeaderView.swift */,
				7AF56AD3286F32CD0068B467 /* SupportHeaderSection.swift */,
			);
			path = Header;
			sourceTree = "<group>";
		};
		7AF56AD4286F32CD0068B467 /* Analytics */ = {
			isa = PBXGroup;
			children = (
				7AF56AD5286F32CD0068B467 /* Analytics.swift */,
			);
			path = Analytics;
			sourceTree = "<group>";
		};
		C2B53D782869CA2900407F40 /* Add Item */ = {
			isa = PBXGroup;
			children = (
				7A2A770827F2592D006F0470 /* AddItemSheet.swift */,
				C2B53D792869CA3B00407F40 /* AddItemForm.swift */,
			);
			path = "Add Item";
			sourceTree = "<group>";
		};
		C2B53D7F2869CAB700407F40 /* Main */ = {
			isa = PBXGroup;
			children = (
				C2B53D822869CACA00407F40 /* Views */,
				C2B53D802869CAC100407F40 /* MainScreen.swift */,
			);
			path = Main;
			sourceTree = "<group>";
		};
		C2B53D822869CACA00407F40 /* Views */ = {
			isa = PBXGroup;
			children = (
				C2B53D832869CACA00407F40 /* MainBackgroundView.swift */,
				C2B53D842869CACA00407F40 /* BottomSection */,
				C2B53D8C2869CACA00407F40 /* SortingMenuView.swift */,
				C2B53D8D2869CACA00407F40 /* TopSection */,
			);
			name = Views;
			path = DaysSince/DaysSince/MainScreen/Views;
			sourceTree = SOURCE_ROOT;
		};
		C2B53D842869CACA00407F40 /* BottomSection */ = {
			isa = PBXGroup;
			children = (
				C2B53D852869CACA00407F40 /* IndividualItemView.swift */,
				C2B53D862869CACA00407F40 /* CompletedIndividualItem.swift */,
				7AAB507127FF84210086A5A8 /* EventListItemView.swift */,
				C2B53D872869CACA00407F40 /* ItemLists */,
				C2B53D8B2869CACA00407F40 /* BottomSection.swift */,
			);
			path = BottomSection;
			sourceTree = "<group>";
		};
		C2B53D872869CACA00407F40 /* ItemLists */ = {
			isa = PBXGroup;
			children = (
				C2B53D882869CACA00407F40 /* CompletedItemsList.swift */,
				C2B53D892869CACA00407F40 /* FavoriteItemsList.swift */,
				C2B53D8A2869CACA00407F40 /* NormalItemsList.swift */,
			);
			path = ItemLists;
			sourceTree = "<group>";
		};
		C2B53D8D2869CACA00407F40 /* TopSection */ = {
			isa = PBXGroup;
			children = (
				C2B53D8E2869CACA00407F40 /* TopSection.swift */,
				C2B53D902869CACA00407F40 /* MenuBlockView.swift */,
			);
			path = TopSection;
			sourceTree = "<group>";
		};
		C2B53D9E2869CD3000407F40 /* Edit */ = {
			isa = PBXGroup;
			children = (
				C2B53D9F2869CD3C00407F40 /* EditTappedItemForm.swift */,
				7A21765827FB2E3E006B106B /* EditTappedItemSheet.swift */,
			);
			path = Edit;
			sourceTree = "<group>";
		};
		C2B53DAD2869F0CE00407F40 /* Frameworks */ = {
			isa = PBXGroup;
			children = (
				C2B53DAE2869F0CE00407F40 /* WidgetKit.framework */,
				C2B53DB02869F0CE00407F40 /* SwiftUI.framework */,
				C2B53DCC2869F6F200407F40 /* Intents.framework */,
			);
			name = Frameworks;
			sourceTree = "<group>";
		};
		C2B53DB22869F0CE00407F40 /* Widget */ = {
			isa = PBXGroup;
			children = (
				C2B53DB32869F0CE00407F40 /* Widget.swift */,
				C255EB6B289A725100282E7B /* Widget.intentdefinition */,
				C2B53DB62869F0CF00407F40 /* Assets.xcassets */,
				C2B53DB82869F0CF00407F40 /* Info.plist */,
			);
			path = Widget;
			sourceTree = "<group>";
		};
		C2B53DCE2869F6F200407F40 /* WidgetIntents */ = {
			isa = PBXGroup;
			children = (
				C2B53DE02869FCF700407F40 /* WidgetIntents.entitlements */,
				C2B53DCF2869F6F200407F40 /* IntentHandler.swift */,
				C2B53DD12869F6F200407F40 /* Info.plist */,
			);
			path = WidgetIntents;
			sourceTree = "<group>";
		};
/* End PBXGroup section */

/* Begin PBXNativeTarget section */
		7A2A76EF27F2446E006F0470 /* DaysSince */ = {
			isa = PBXNativeTarget;
			buildConfigurationList = 7A2A76FE27F24470006F0470 /* Build configuration list for PBXNativeTarget "DaysSince" */;
			buildPhases = (
				7A2A76EC27F2446E006F0470 /* Sources */,
				7A2A76ED27F2446E006F0470 /* Frameworks */,
				7A2A76EE27F2446E006F0470 /* Resources */,
				C2B53DC12869F0CF00407F40 /* Embed App Extensions */,
			);
			buildRules = (
			);
			dependencies = (
				C2B53DBC2869F0CF00407F40 /* PBXTargetDependency */,
				C2B53DD32869F6F200407F40 /* PBXTargetDependency */,
			);
			name = DaysSince;
			productName = DaysSince;
			productReference = 7A2A76F027F2446E006F0470 /* DaysSince.app */;
			productType = "com.apple.product-type.application";
		};
		C2B53DAB2869F0CE00407F40 /* WidgetExtension */ = {
			isa = PBXNativeTarget;
			buildConfigurationList = C2B53DBE2869F0CF00407F40 /* Build configuration list for PBXNativeTarget "WidgetExtension" */;
			buildPhases = (
				C2B53DA82869F0CE00407F40 /* Sources */,
				C2B53DA92869F0CE00407F40 /* Frameworks */,
				C2B53DAA2869F0CE00407F40 /* Resources */,
			);
			buildRules = (
			);
			dependencies = (
			);
			name = WidgetExtension;
			productName = WidgetExtension;
			productReference = C2B53DAC2869F0CE00407F40 /* WidgetExtension.appex */;
			productType = "com.apple.product-type.app-extension";
		};
		C2B53DCA2869F6F200407F40 /* WidgetIntents */ = {
			isa = PBXNativeTarget;
			buildConfigurationList = C2B53DD52869F6F200407F40 /* Build configuration list for PBXNativeTarget "WidgetIntents" */;
			buildPhases = (
				C2B53DC72869F6F200407F40 /* Sources */,
				C2B53DC82869F6F200407F40 /* Frameworks */,
				C2B53DC92869F6F200407F40 /* Resources */,
			);
			buildRules = (
			);
			dependencies = (
			);
			name = WidgetIntents;
			productName = WidgetIntents;
			productReference = C2B53DCB2869F6F200407F40 /* WidgetIntents.appex */;
			productType = "com.apple.product-type.app-extension";
		};
/* End PBXNativeTarget section */

/* Begin PBXProject section */
		7A2A76E827F2446E006F0470 /* Project object */ = {
			isa = PBXProject;
			attributes = {
				BuildIndependentTargetsInParallel = 1;
				LastSwiftUpdateCheck = 1330;
				LastUpgradeCheck = 1320;
				TargetAttributes = {
					7A2A76EF27F2446E006F0470 = {
						CreatedOnToolsVersion = 13.2.1;
					};
					C2B53DAB2869F0CE00407F40 = {
						CreatedOnToolsVersion = 13.3;
					};
					C2B53DCA2869F6F200407F40 = {
						CreatedOnToolsVersion = 13.3;
					};
				};
			};
			buildConfigurationList = 7A2A76EB27F2446E006F0470 /* Build configuration list for PBXProject "DaysSince" */;
			compatibilityVersion = "Xcode 13.0";
			developmentRegion = en;
			hasScannedForEncodings = 0;
			knownRegions = (
				en,
				Base,
			);
			mainGroup = 7A2A76E727F2446E006F0470;
			productRefGroup = 7A2A76F127F2446E006F0470 /* Products */;
			projectDirPath = "";
			projectRoot = "";
			targets = (
				7A2A76EF27F2446E006F0470 /* DaysSince */,
				C2B53DAB2869F0CE00407F40 /* WidgetExtension */,
				C2B53DCA2869F6F200407F40 /* WidgetIntents */,
			);
		};
/* End PBXProject section */

/* Begin PBXResourcesBuildPhase section */
		7A2A76EE27F2446E006F0470 /* Resources */ = {
			isa = PBXResourcesBuildPhase;
			buildActionMask = 2147483647;
			files = (
				7AF56ADB286F32CD0068B467 /* HighlightsOnly.json in Resources */,
				7A2A76FB27F24470006F0470 /* Preview Assets.xcassets in Resources */,
				7AF56ADC286F32CD0068B467 /* fullSample.json in Resources */,
				7AF56ADF286F32CD0068B467 /* README.md in Resources */,
				7AF56AD9286F32CD0068B467 /* CHANGELOG.md in Resources */,
				4C169EBA291A97D700E2BBC1 /* Localizable.strings in Resources */,
				7AF56ADA286F32CD0068B467 /* FAQOnly.json in Resources */,
				7A2A76F827F24470006F0470 /* Assets.xcassets in Resources */,
			);
			runOnlyForDeploymentPostprocessing = 0;
		};
		C2B53DAA2869F0CE00407F40 /* Resources */ = {
			isa = PBXResourcesBuildPhase;
			buildActionMask = 2147483647;
			files = (
				C2B53DE2286A080900407F40 /* Assets.xcassets in Resources */,
				4C169EBB291A97DB00E2BBC1 /* Localizable.strings in Resources */,
				C2B53DB72869F0CF00407F40 /* Assets.xcassets in Resources */,
			);
			runOnlyForDeploymentPostprocessing = 0;
		};
		C2B53DC92869F6F200407F40 /* Resources */ = {
			isa = PBXResourcesBuildPhase;
			buildActionMask = 2147483647;
			files = (
				C2B53DE3286A080A00407F40 /* Assets.xcassets in Resources */,
			);
			runOnlyForDeploymentPostprocessing = 0;
		};
/* End PBXResourcesBuildPhase section */

/* Begin PBXSourcesBuildPhase section */
		7A2A76EC27F2446E006F0470 /* Sources */ = {
			isa = PBXSourcesBuildPhase;
			buildActionMask = 2147483647;
			files = (
				7AE8E367286C948200538521 /* AlternativeIcon.swift in Sources */,
				7A21765B27FB492C006B106B /* CalendarView.swift in Sources */,
				7AAB507727FF86CC0086A5A8 /* Defaults.swift in Sources */,
				7A2A770D27F26E2B006F0470 /* Array+Extensions.swift in Sources */,
				C2B53D9B2869CACA00407F40 /* MenuBlockView.swift in Sources */,
				7AF56AFD286F32CD0068B467 /* ChangelogView.swift in Sources */,
				C21BDC58286F355200B2FDCC /* NotificationManager.swift in Sources */,
				C2B53D752869CA1000407F40 /* CategoryDaysSinceItem.swift in Sources */,
				7A2A76F627F2446E006F0470 /* ContentView.swift in Sources */,
				C2B53D7C2869CA5800407F40 /* CategoriesGridView.swift in Sources */,
				7AB598372804830300A1BD3A /* CategorySelectionView.swift in Sources */,
				7AF56AFC286F32CD0068B467 /* NewUpdateBanner.swift in Sources */,
				7AF56AD6286F32CD0068B467 /* Design.swift in Sources */,
				C255EB67289A725100282E7B /* Widget.intentdefinition in Sources */,
				7AF56AE0286F32CD0068B467 /* HooliganColor+Extensions.swift in Sources */,
				7A67C6E0280061FA0095675F /* Color+Extensions.swift in Sources */,
				7AF56B00286F32CD0068B467 /* Analytics.swift in Sources */,
				C2B53DA02869CD3C00407F40 /* EditTappedItemForm.swift in Sources */,
				7A007CB72800885700985108 /* CategoryFilteredView.swift in Sources */,
				7AF56AEA286F32CD0068B467 /* FAQItem.swift in Sources */,
				7AF56ADD286F32CD0068B467 /* SupportItemDetailView.swift in Sources */,
				7AF56AE5286F32CD0068B467 /* SupportItemable.swift in Sources */,
				C2B53D912869CACA00407F40 /* MainBackgroundView.swift in Sources */,
				C2B53D992869CACA00407F40 /* TopSection.swift in Sources */,
				7AF56AF3286F32CD0068B467 /* SupportContactSection.swift in Sources */,
				7A65AB02286CFC53002D6DCA /* SupportButton.swift in Sources */,
				7AF56AEB286F32CD0068B467 /* ChangelogItem.swift in Sources */,
				7A2A770927F2592D006F0470 /* AddItemSheet.swift in Sources */,
				7A2A76F427F2446E006F0470 /* DaysSinceApp.swift in Sources */,
				7AF56AD7286F32CD0068B467 /* HooliganVideoPlayerController.swift in Sources */,
				7A65AAFE286CF5FD002D6DCA /* SettingsReviewButton.swift in Sources */,
				7A7CD90F287F21890001C64F /* Introduction.swift in Sources */,
				7AE2946727F4B0AF006A7E01 /* Calendar+Extensions.swift in Sources */,
				7AF56AEF286F32CD0068B467 /* SupportLocale.swift in Sources */,
				7AF56ADE286F32CD0068B467 /* SupportScreen.swift in Sources */,
				7AE8E365286C945200538521 /* AppIcons.swift in Sources */,
				7AF56AEC286F32CD0068B467 /* SupportSection.swift in Sources */,
				7AF56AFE286F32CD0068B467 /* SupportHeaderView.swift in Sources */,
				7AF56AE8286F32CD0068B467 /* SupportItems.swift in Sources */,
				7AF56AFF286F32CD0068B467 /* SupportHeaderSection.swift in Sources */,
				7AF56AD8286F32CD0068B467 /* Deeplink.swift in Sources */,
				7A868D182890814A009C92D6 /* DetailedTimeDisplayMode.swift in Sources */,
				7A7CD911287F22E90001C64F /* AnimateText.swift in Sources */,
				7AF56AE4286F32CD0068B467 /* SupportFetcher.swift in Sources */,
				C2B53D982869CACA00407F40 /* SortingMenuView.swift in Sources */,
				C2B53D942869CACA00407F40 /* CompletedItemsList.swift in Sources */,
				7A7CD90C287F20F70001C64F /* OnboardingScreen.swift in Sources */,
				C2B53D922869CACA00407F40 /* IndividualItemView.swift in Sources */,
				7AF56AF8286F32CD0068B467 /* HighlightedItemView.swift in Sources */,
				7A1C7AE327F4BA23004EE78E /* DaysSinceItem.swift in Sources */,
				C2B53D812869CAC100407F40 /* MainScreen.swift in Sources */,
				7AF56AF2286F32CD0068B467 /* ContactItemView.swift in Sources */,
				7AF56AF6286F32CD0068B467 /* FAQDetailView.swift in Sources */,
				C2B53D952869CACA00407F40 /* FavoriteItemsList.swift in Sources */,
				7AF56AED286F32CD0068B467 /* HeaderItem.swift in Sources */,
				C2B53D972869CACA00407F40 /* BottomSection.swift in Sources */,
				7AF56AE1286F32CD0068B467 /* HooliganBundle+Extensions.swift in Sources */,
				7AF56AFB286F32CD0068B467 /* ChangelogUpdateCell.swift in Sources */,
				C2B53D932869CACA00407F40 /* CompletedIndividualItem.swift in Sources */,
				7AF56AE6286F32CD0068B467 /* HighlightedSection.swift in Sources */,
				C2B53D9D2869CB0200407F40 /* Binding+Extensions.swift in Sources */,
				7AF56AF5286F32CD0068B467 /* FAQItemView.swift in Sources */,
				7AF56AF0286F32CD0068B467 /* SupportItemPage.swift in Sources */,
				7AAB507227FF84210086A5A8 /* EventListItemView.swift in Sources */,
				7A21765927FB2E3E006B106B /* EditTappedItemSheet.swift in Sources */,
				7AF56AE2286F32CD0068B467 /* BackPortedAsyncImage.swift in Sources */,
				7AE8E362286C921200538521 /* SettingsScreen.swift in Sources */,
				7AF56AF1286F32CD0068B467 /* SupportColor.swift in Sources */,
				7AF56AE9286F32CD0068B467 /* SupportContactItem.swift in Sources */,
				7AF56AF7286F32CD0068B467 /* SupportHighlightedSection.swift in Sources */,
				7A7CD913287F2E760001C64F /* CreateFirstEvent.swift in Sources */,
				C2B53D7A2869CA3B00407F40 /* AddItemForm.swift in Sources */,
				C2B53D7E2869CA8300407F40 /* CategoryRectangleView.swift in Sources */,
				7A21765D27FB544D006B106B /* RootView.swift in Sources */,
				7AF56AEE286F32CD0068B467 /* HighlightedItem.swift in Sources */,
				C2B53D772869CA1F00407F40 /* DSItemReminders.swift in Sources */,
				7AF56AE3286F32CD0068B467 /* HooliganString+Extensions.swift in Sources */,
				C2B53D962869CACA00407F40 /* NormalItemsList.swift in Sources */,
				7AF56AF9286F32CD0068B467 /* SupportItemPageView.swift in Sources */,
				7A65AB00286CF818002D6DCA /* ShareButton.swift in Sources */,
				7AF56AF4286F32CD0068B467 /* SupportFAQSection.swift in Sources */,
				7AF56AFA286F32CD0068B467 /* ReleaseNoteDetail.swift in Sources */,
				7AF56AE7286F32CD0068B467 /* SupportReleaseNote.swift in Sources */,
			);
			runOnlyForDeploymentPostprocessing = 0;
		};
		C2B53DA82869F0CE00407F40 /* Sources */ = {
			isa = PBXSourcesBuildPhase;
			buildActionMask = 2147483647;
			files = (
				C255EB68289A725100282E7B /* Widget.intentdefinition in Sources */,
				C2B53DB42869F0CE00407F40 /* Widget.swift in Sources */,
				C2B53DC42869F35B00407F40 /* DSItemReminders.swift in Sources */,
				C2B53DDD2869F74100407F40 /* Array+Extensions.swift in Sources */,
				C2B53DC32869F35600407F40 /* CategoryDaysSinceItem.swift in Sources */,
				C2B53DC62869F36A00407F40 /* Color+Extensions.swift in Sources */,
				C2B53DC22869F1AA00407F40 /* DaysSinceItem.swift in Sources */,
				C2B53DC52869F36100407F40 /* Calendar+Extensions.swift in Sources */,
			);
			runOnlyForDeploymentPostprocessing = 0;
		};
		C2B53DC72869F6F200407F40 /* Sources */ = {
			isa = PBXSourcesBuildPhase;
			buildActionMask = 2147483647;
			files = (
				C2B53DD82869F70E00407F40 /* DaysSinceItem.swift in Sources */,
				C2B53DD92869F71300407F40 /* CategoryDaysSinceItem.swift in Sources */,
				C2B53DDB2869F72400407F40 /* DSItemReminders.swift in Sources */,
				C2B53DDE2869F74100407F40 /* Array+Extensions.swift in Sources */,
				C255EB69289A725100282E7B /* Widget.intentdefinition in Sources */,
				C2B53DD02869F6F200407F40 /* IntentHandler.swift in Sources */,
				C2B53DDA2869F71D00407F40 /* Color+Extensions.swift in Sources */,
				C2B53DDC2869F72900407F40 /* Calendar+Extensions.swift in Sources */,
			);
			runOnlyForDeploymentPostprocessing = 0;
		};
/* End PBXSourcesBuildPhase section */

/* Begin PBXTargetDependency section */
		C2B53DBC2869F0CF00407F40 /* PBXTargetDependency */ = {
			isa = PBXTargetDependency;
			target = C2B53DAB2869F0CE00407F40 /* WidgetExtension */;
			targetProxy = C2B53DBB2869F0CF00407F40 /* PBXContainerItemProxy */;
		};
		C2B53DD32869F6F200407F40 /* PBXTargetDependency */ = {
			isa = PBXTargetDependency;
			target = C2B53DCA2869F6F200407F40 /* WidgetIntents */;
			targetProxy = C2B53DD22869F6F200407F40 /* PBXContainerItemProxy */;
		};
/* End PBXTargetDependency section */

/* Begin PBXVariantGroup section */
		C255EB6B289A725100282E7B /* Widget.intentdefinition */ = {
			isa = PBXVariantGroup;
			children = (
				C255EB6A289A725100282E7B /* Base */,
				C255EB6D289A725300282E7B /* en */,
			);
			name = Widget.intentdefinition;
			sourceTree = "<group>";
		};
/* End PBXVariantGroup section */

/* Begin XCBuildConfiguration section */
		7A2A76FC27F24470006F0470 /* Debug */ = {
			isa = XCBuildConfiguration;
			buildSettings = {
				ALWAYS_SEARCH_USER_PATHS = NO;
				CLANG_ANALYZER_NONNULL = YES;
				CLANG_ANALYZER_NUMBER_OBJECT_CONVERSION = YES_AGGRESSIVE;
				CLANG_CXX_LANGUAGE_STANDARD = "gnu++17";
				CLANG_CXX_LIBRARY = "libc++";
				CLANG_ENABLE_MODULES = YES;
				CLANG_ENABLE_OBJC_ARC = YES;
				CLANG_ENABLE_OBJC_WEAK = YES;
				CLANG_WARN_BLOCK_CAPTURE_AUTORELEASING = YES;
				CLANG_WARN_BOOL_CONVERSION = YES;
				CLANG_WARN_COMMA = YES;
				CLANG_WARN_CONSTANT_CONVERSION = YES;
				CLANG_WARN_DEPRECATED_OBJC_IMPLEMENTATIONS = YES;
				CLANG_WARN_DIRECT_OBJC_ISA_USAGE = YES_ERROR;
				CLANG_WARN_DOCUMENTATION_COMMENTS = YES;
				CLANG_WARN_EMPTY_BODY = YES;
				CLANG_WARN_ENUM_CONVERSION = YES;
				CLANG_WARN_INFINITE_RECURSION = YES;
				CLANG_WARN_INT_CONVERSION = YES;
				CLANG_WARN_NON_LITERAL_NULL_CONVERSION = YES;
				CLANG_WARN_OBJC_IMPLICIT_RETAIN_SELF = YES;
				CLANG_WARN_OBJC_LITERAL_CONVERSION = YES;
				CLANG_WARN_OBJC_ROOT_CLASS = YES_ERROR;
				CLANG_WARN_QUOTED_INCLUDE_IN_FRAMEWORK_HEADER = YES;
				CLANG_WARN_RANGE_LOOP_ANALYSIS = YES;
				CLANG_WARN_STRICT_PROTOTYPES = YES;
				CLANG_WARN_SUSPICIOUS_MOVE = YES;
				CLANG_WARN_UNGUARDED_AVAILABILITY = YES_AGGRESSIVE;
				CLANG_WARN_UNREACHABLE_CODE = YES;
				CLANG_WARN__DUPLICATE_METHOD_MATCH = YES;
				COPY_PHASE_STRIP = NO;
				DEBUG_INFORMATION_FORMAT = dwarf;
				ENABLE_STRICT_OBJC_MSGSEND = YES;
				ENABLE_TESTABILITY = YES;
				GCC_C_LANGUAGE_STANDARD = gnu11;
				GCC_DYNAMIC_NO_PIC = NO;
				GCC_NO_COMMON_BLOCKS = YES;
				GCC_OPTIMIZATION_LEVEL = 0;
				GCC_PREPROCESSOR_DEFINITIONS = (
					"DEBUG=1",
					"$(inherited)",
				);
				GCC_WARN_64_TO_32_BIT_CONVERSION = YES;
				GCC_WARN_ABOUT_RETURN_TYPE = YES_ERROR;
				GCC_WARN_UNDECLARED_SELECTOR = YES;
				GCC_WARN_UNINITIALIZED_AUTOS = YES_AGGRESSIVE;
				GCC_WARN_UNUSED_FUNCTION = YES;
				GCC_WARN_UNUSED_VARIABLE = YES;
				IPHONEOS_DEPLOYMENT_TARGET = 15.2;
				MTL_ENABLE_DEBUG_INFO = INCLUDE_SOURCE;
				MTL_FAST_MATH = YES;
				ONLY_ACTIVE_ARCH = YES;
				SDKROOT = iphoneos;
				SWIFT_ACTIVE_COMPILATION_CONDITIONS = DEBUG;
				SWIFT_OPTIMIZATION_LEVEL = "-Onone";
			};
			name = Debug;
		};
		7A2A76FD27F24470006F0470 /* Release */ = {
			isa = XCBuildConfiguration;
			buildSettings = {
				ALWAYS_SEARCH_USER_PATHS = NO;
				CLANG_ANALYZER_NONNULL = YES;
				CLANG_ANALYZER_NUMBER_OBJECT_CONVERSION = YES_AGGRESSIVE;
				CLANG_CXX_LANGUAGE_STANDARD = "gnu++17";
				CLANG_CXX_LIBRARY = "libc++";
				CLANG_ENABLE_MODULES = YES;
				CLANG_ENABLE_OBJC_ARC = YES;
				CLANG_ENABLE_OBJC_WEAK = YES;
				CLANG_WARN_BLOCK_CAPTURE_AUTORELEASING = YES;
				CLANG_WARN_BOOL_CONVERSION = YES;
				CLANG_WARN_COMMA = YES;
				CLANG_WARN_CONSTANT_CONVERSION = YES;
				CLANG_WARN_DEPRECATED_OBJC_IMPLEMENTATIONS = YES;
				CLANG_WARN_DIRECT_OBJC_ISA_USAGE = YES_ERROR;
				CLANG_WARN_DOCUMENTATION_COMMENTS = YES;
				CLANG_WARN_EMPTY_BODY = YES;
				CLANG_WARN_ENUM_CONVERSION = YES;
				CLANG_WARN_INFINITE_RECURSION = YES;
				CLANG_WARN_INT_CONVERSION = YES;
				CLANG_WARN_NON_LITERAL_NULL_CONVERSION = YES;
				CLANG_WARN_OBJC_IMPLICIT_RETAIN_SELF = YES;
				CLANG_WARN_OBJC_LITERAL_CONVERSION = YES;
				CLANG_WARN_OBJC_ROOT_CLASS = YES_ERROR;
				CLANG_WARN_QUOTED_INCLUDE_IN_FRAMEWORK_HEADER = YES;
				CLANG_WARN_RANGE_LOOP_ANALYSIS = YES;
				CLANG_WARN_STRICT_PROTOTYPES = YES;
				CLANG_WARN_SUSPICIOUS_MOVE = YES;
				CLANG_WARN_UNGUARDED_AVAILABILITY = YES_AGGRESSIVE;
				CLANG_WARN_UNREACHABLE_CODE = YES;
				CLANG_WARN__DUPLICATE_METHOD_MATCH = YES;
				COPY_PHASE_STRIP = NO;
				DEBUG_INFORMATION_FORMAT = "dwarf-with-dsym";
				ENABLE_NS_ASSERTIONS = NO;
				ENABLE_STRICT_OBJC_MSGSEND = YES;
				GCC_C_LANGUAGE_STANDARD = gnu11;
				GCC_NO_COMMON_BLOCKS = YES;
				GCC_WARN_64_TO_32_BIT_CONVERSION = YES;
				GCC_WARN_ABOUT_RETURN_TYPE = YES_ERROR;
				GCC_WARN_UNDECLARED_SELECTOR = YES;
				GCC_WARN_UNINITIALIZED_AUTOS = YES_AGGRESSIVE;
				GCC_WARN_UNUSED_FUNCTION = YES;
				GCC_WARN_UNUSED_VARIABLE = YES;
				IPHONEOS_DEPLOYMENT_TARGET = 15.2;
				MTL_ENABLE_DEBUG_INFO = NO;
				MTL_FAST_MATH = YES;
				SDKROOT = iphoneos;
				SWIFT_COMPILATION_MODE = wholemodule;
				SWIFT_OPTIMIZATION_LEVEL = "-O";
				VALIDATE_PRODUCT = YES;
			};
			name = Release;
		};
		7A2A76FF27F24470006F0470 /* Debug */ = {
			isa = XCBuildConfiguration;
			buildSettings = {
				ALWAYS_EMBED_SWIFT_STANDARD_LIBRARIES = YES;
				ASSETCATALOG_COMPILER_APPICON_NAME = AppIcon;
				ASSETCATALOG_COMPILER_GLOBAL_ACCENT_COLOR_NAME = AccentColor;
				CODE_SIGN_ENTITLEMENTS = DaysSince/DaysSince.entitlements;
				CODE_SIGN_STYLE = Automatic;
				CURRENT_PROJECT_VERSION = 5;
				DEVELOPMENT_ASSET_PATHS = "\"DaysSince/Preview Content\"";
				DEVELOPMENT_TEAM = 8Q7TMPA46J;
				ENABLE_PREVIEWS = YES;
				GENERATE_INFOPLIST_FILE = YES;
				INFOPLIST_FILE = DaysSince/Info.plist;
				INFOPLIST_KEY_UIApplicationSceneManifest_Generation = YES;
				INFOPLIST_KEY_UIApplicationSupportsIndirectInputEvents = YES;
				INFOPLIST_KEY_UILaunchScreen_Generation = YES;
				INFOPLIST_KEY_UISupportedInterfaceOrientations_iPad = "UIInterfaceOrientationPortrait UIInterfaceOrientationPortraitUpsideDown UIInterfaceOrientationLandscapeLeft UIInterfaceOrientationLandscapeRight";
				INFOPLIST_KEY_UISupportedInterfaceOrientations_iPhone = "UIInterfaceOrientationPortrait UIInterfaceOrientationLandscapeLeft UIInterfaceOrientationLandscapeRight";
				LD_RUNPATH_SEARCH_PATHS = (
					"$(inherited)",
					"@executable_path/Frameworks",
				);
				MARKETING_VERSION = 1.0.1;
				PRODUCT_BUNDLE_IDENTIFIER = com.goodsnooze.dayssince;
				PRODUCT_NAME = "$(TARGET_NAME)";
				SWIFT_EMIT_LOC_STRINGS = YES;
				SWIFT_VERSION = 5.0;
				TARGETED_DEVICE_FAMILY = 1;
			};
			name = Debug;
		};
		7A2A770027F24470006F0470 /* Release */ = {
			isa = XCBuildConfiguration;
			buildSettings = {
				ALWAYS_EMBED_SWIFT_STANDARD_LIBRARIES = YES;
				ASSETCATALOG_COMPILER_APPICON_NAME = AppIcon;
				ASSETCATALOG_COMPILER_GLOBAL_ACCENT_COLOR_NAME = AccentColor;
				CODE_SIGN_ENTITLEMENTS = DaysSince/DaysSince.entitlements;
				CODE_SIGN_STYLE = Automatic;
				CURRENT_PROJECT_VERSION = 5;
				DEVELOPMENT_ASSET_PATHS = "\"DaysSince/Preview Content\"";
				DEVELOPMENT_TEAM = 8Q7TMPA46J;
				ENABLE_PREVIEWS = YES;
				GENERATE_INFOPLIST_FILE = YES;
				INFOPLIST_FILE = DaysSince/Info.plist;
				INFOPLIST_KEY_UIApplicationSceneManifest_Generation = YES;
				INFOPLIST_KEY_UIApplicationSupportsIndirectInputEvents = YES;
				INFOPLIST_KEY_UILaunchScreen_Generation = YES;
				INFOPLIST_KEY_UISupportedInterfaceOrientations_iPad = "UIInterfaceOrientationPortrait UIInterfaceOrientationPortraitUpsideDown UIInterfaceOrientationLandscapeLeft UIInterfaceOrientationLandscapeRight";
				INFOPLIST_KEY_UISupportedInterfaceOrientations_iPhone = "UIInterfaceOrientationPortrait UIInterfaceOrientationLandscapeLeft UIInterfaceOrientationLandscapeRight";
				LD_RUNPATH_SEARCH_PATHS = (
					"$(inherited)",
					"@executable_path/Frameworks",
				);
				MARKETING_VERSION = 1.0.1;
				PRODUCT_BUNDLE_IDENTIFIER = com.goodsnooze.dayssince;
				PRODUCT_NAME = "$(TARGET_NAME)";
				SWIFT_EMIT_LOC_STRINGS = YES;
				SWIFT_VERSION = 5.0;
				TARGETED_DEVICE_FAMILY = 1;
			};
			name = Release;
		};
		C2B53DBF2869F0CF00407F40 /* Debug */ = {
			isa = XCBuildConfiguration;
			buildSettings = {
				ASSETCATALOG_COMPILER_GLOBAL_ACCENT_COLOR_NAME = AccentColor;
				ASSETCATALOG_COMPILER_WIDGET_BACKGROUND_COLOR_NAME = WidgetBackground;
				CODE_SIGN_ENTITLEMENTS = WidgetExtension.entitlements;
				CODE_SIGN_STYLE = Automatic;
				CURRENT_PROJECT_VERSION = 4;
				DEVELOPMENT_TEAM = 8Q7TMPA46J;
				GENERATE_INFOPLIST_FILE = YES;
				INFOPLIST_FILE = Widget/Info.plist;
				INFOPLIST_KEY_CFBundleDisplayName = Widget;
				INFOPLIST_KEY_NSHumanReadableCopyright = "";
				IPHONEOS_DEPLOYMENT_TARGET = 15.4;
				LD_RUNPATH_SEARCH_PATHS = (
					"$(inherited)",
					"@executable_path/Frameworks",
					"@executable_path/../../Frameworks",
				);
				MARKETING_VERSION = 1.0;
				PRODUCT_BUNDLE_IDENTIFIER = com.goodsnooze.dayssince.Widget;
				PRODUCT_NAME = "$(TARGET_NAME)";
				SKIP_INSTALL = YES;
				SWIFT_EMIT_LOC_STRINGS = YES;
				SWIFT_VERSION = 5.0;
				TARGETED_DEVICE_FAMILY = "1,2";
			};
			name = Debug;
		};
		C2B53DC02869F0CF00407F40 /* Release */ = {
			isa = XCBuildConfiguration;
			buildSettings = {
				ASSETCATALOG_COMPILER_GLOBAL_ACCENT_COLOR_NAME = AccentColor;
				ASSETCATALOG_COMPILER_WIDGET_BACKGROUND_COLOR_NAME = WidgetBackground;
				CODE_SIGN_ENTITLEMENTS = WidgetExtension.entitlements;
				CODE_SIGN_STYLE = Automatic;
				CURRENT_PROJECT_VERSION = 4;
				DEVELOPMENT_TEAM = 8Q7TMPA46J;
				GENERATE_INFOPLIST_FILE = YES;
				INFOPLIST_FILE = Widget/Info.plist;
				INFOPLIST_KEY_CFBundleDisplayName = Widget;
				INFOPLIST_KEY_NSHumanReadableCopyright = "";
				IPHONEOS_DEPLOYMENT_TARGET = 15.4;
				LD_RUNPATH_SEARCH_PATHS = (
					"$(inherited)",
					"@executable_path/Frameworks",
					"@executable_path/../../Frameworks",
				);
				MARKETING_VERSION = 1.0;
				PRODUCT_BUNDLE_IDENTIFIER = com.goodsnooze.dayssince.Widget;
				PRODUCT_NAME = "$(TARGET_NAME)";
				SKIP_INSTALL = YES;
				SWIFT_EMIT_LOC_STRINGS = YES;
				SWIFT_VERSION = 5.0;
				TARGETED_DEVICE_FAMILY = "1,2";
			};
			name = Release;
		};
		C2B53DD62869F6F200407F40 /* Debug */ = {
			isa = XCBuildConfiguration;
			buildSettings = {
				CODE_SIGN_ENTITLEMENTS = WidgetIntents/WidgetIntents.entitlements;
				CODE_SIGN_STYLE = Automatic;
				CURRENT_PROJECT_VERSION = 4;
				DEVELOPMENT_TEAM = 8Q7TMPA46J;
				GENERATE_INFOPLIST_FILE = YES;
				INFOPLIST_FILE = WidgetIntents/Info.plist;
				INFOPLIST_KEY_CFBundleDisplayName = WidgetIntents;
				INFOPLIST_KEY_NSHumanReadableCopyright = "";
				IPHONEOS_DEPLOYMENT_TARGET = 15.4;
				LD_RUNPATH_SEARCH_PATHS = (
					"$(inherited)",
					"@executable_path/Frameworks",
					"@executable_path/../../Frameworks",
				);
				MARKETING_VERSION = 1.0;
				PRODUCT_BUNDLE_IDENTIFIER = com.goodsnooze.dayssince.WidgetIntents;
				PRODUCT_NAME = "$(TARGET_NAME)";
				SKIP_INSTALL = YES;
				SWIFT_EMIT_LOC_STRINGS = YES;
				SWIFT_VERSION = 5.0;
				TARGETED_DEVICE_FAMILY = "1,2";
			};
			name = Debug;
		};
		C2B53DD72869F6F200407F40 /* Release */ = {
			isa = XCBuildConfiguration;
			buildSettings = {
				CODE_SIGN_ENTITLEMENTS = WidgetIntents/WidgetIntents.entitlements;
				CODE_SIGN_STYLE = Automatic;
				CURRENT_PROJECT_VERSION = 4;
				DEVELOPMENT_TEAM = 8Q7TMPA46J;
				GENERATE_INFOPLIST_FILE = YES;
				INFOPLIST_FILE = WidgetIntents/Info.plist;
				INFOPLIST_KEY_CFBundleDisplayName = WidgetIntents;
				INFOPLIST_KEY_NSHumanReadableCopyright = "";
				IPHONEOS_DEPLOYMENT_TARGET = 15.4;
				LD_RUNPATH_SEARCH_PATHS = (
					"$(inherited)",
					"@executable_path/Frameworks",
					"@executable_path/../../Frameworks",
				);
				MARKETING_VERSION = 1.0;
				PRODUCT_BUNDLE_IDENTIFIER = com.goodsnooze.dayssince.WidgetIntents;
				PRODUCT_NAME = "$(TARGET_NAME)";
				SKIP_INSTALL = YES;
				SWIFT_EMIT_LOC_STRINGS = YES;
				SWIFT_VERSION = 5.0;
				TARGETED_DEVICE_FAMILY = "1,2";
			};
			name = Release;
		};
/* End XCBuildConfiguration section */

/* Begin XCConfigurationList section */
		7A2A76EB27F2446E006F0470 /* Build configuration list for PBXProject "DaysSince" */ = {
			isa = XCConfigurationList;
			buildConfigurations = (
				7A2A76FC27F24470006F0470 /* Debug */,
				7A2A76FD27F24470006F0470 /* Release */,
			);
			defaultConfigurationIsVisible = 0;
			defaultConfigurationName = Release;
		};
		7A2A76FE27F24470006F0470 /* Build configuration list for PBXNativeTarget "DaysSince" */ = {
			isa = XCConfigurationList;
			buildConfigurations = (
				7A2A76FF27F24470006F0470 /* Debug */,
				7A2A770027F24470006F0470 /* Release */,
			);
			defaultConfigurationIsVisible = 0;
			defaultConfigurationName = Release;
		};
		C2B53DBE2869F0CF00407F40 /* Build configuration list for PBXNativeTarget "WidgetExtension" */ = {
			isa = XCConfigurationList;
			buildConfigurations = (
				C2B53DBF2869F0CF00407F40 /* Debug */,
				C2B53DC02869F0CF00407F40 /* Release */,
			);
			defaultConfigurationIsVisible = 0;
			defaultConfigurationName = Release;
		};
		C2B53DD52869F6F200407F40 /* Build configuration list for PBXNativeTarget "WidgetIntents" */ = {
			isa = XCConfigurationList;
			buildConfigurations = (
				C2B53DD62869F6F200407F40 /* Debug */,
				C2B53DD72869F6F200407F40 /* Release */,
			);
			defaultConfigurationIsVisible = 0;
			defaultConfigurationName = Release;
		};
/* End XCConfigurationList section */
	};
	rootObject = 7A2A76E827F2446E006F0470 /* Project object */;
}
